{
  "version": 4,
  "terraform_version": "1.4.5",
  "serial": 5,
  "lineage": "a164f0f0-26c4-2eee-42bd-d528cd7bcbd4",
  "outputs": {
    "agent_flavor_id": {
      "value": "a74acf5b-7a70-47da-bcd6-732ccb99ca9e",
      "type": "string"
    },
    "image_id": {
      "value": "8428168b-efa5-4df7-8d74-7f6f7a5039d0",
      "type": "string"
    },
    "server_flavor_id": {
      "value": "165a2ba6-2925-45b5-921e-feab137efb06",
      "type": "string"
    }
  },
  "resources": [
    {
      "mode": "managed",
      "type": "openstack_compute_flavor_v2",
      "name": "agent_flavor",
      "provider": "provider[\"registry.terraform.io/terraform-provider-openstack/openstack\"]",
      "instances": [
        {
          "schema_version": 0,
          "attributes": {
            "description": "",
            "disk": 20,
            "ephemeral": 0,
            "extra_specs": {
              "hw:cpu_policy": "shared"
            },
            "flavor_id": "a74acf5b-7a70-47da-bcd6-732ccb99ca9e",
            "id": "a74acf5b-7a70-47da-bcd6-732ccb99ca9e",
            "is_public": false,
            "name": "agent-flavor",
            "ram": 4096,
            "region": "RegionOne",
            "rx_tx_factor": 1,
            "swap": 0,
            "vcpus": 2
          },
          "sensitive_attributes": [],
          "private": "bnVsbA=="
        }
      ]
    },
    {
      "mode": "managed",
      "type": "openstack_compute_flavor_v2",
      "name": "server_flavor",
      "provider": "provider[\"registry.terraform.io/terraform-provider-openstack/openstack\"]",
      "instances": [
        {
          "schema_version": 0,
          "attributes": {
            "description": "",
            "disk": 20,
            "ephemeral": 0,
            "extra_specs": {
              "hw:cpu_policy": "shared"
            },
            "flavor_id": "165a2ba6-2925-45b5-921e-feab137efb06",
            "id": "165a2ba6-2925-45b5-921e-feab137efb06",
            "is_public": false,
            "name": "server-flavor",
            "ram": 4096,
            "region": "RegionOne",
            "rx_tx_factor": 1,
            "swap": 0,
            "vcpus": 2
          },
          "sensitive_attributes": [],
          "private": "bnVsbA=="
        }
      ]
    },
    {
      "mode": "managed",
      "type": "openstack_images_image_v2",
      "name": "debian",
      "provider": "provider[\"registry.terraform.io/terraform-provider-openstack/openstack\"]",
      "instances": [
        {
          "schema_version": 0,
          "attributes": {
            "checksum": "e3b184cb6577d4b015073f97a8d1df18",
            "container_format": "bare",
            "created_at": "2023-05-29T15:27:39Z",
            "decompress": null,
            "disk_format": "qcow2",
            "file": "/v2/images/8428168b-efa5-4df7-8d74-7f6f7a5039d0/file",
            "hidden": false,
            "id": "8428168b-efa5-4df7-8d74-7f6f7a5039d0",
            "image_cache_path": "/home/kolla/.terraform/image_cache",
            "image_id": "8428168b-efa5-4df7-8d74-7f6f7a5039d0",
            "image_source_password": null,
            "image_source_url": "https://cdimage.debian.org/cdimage/openstack/current-10/debian-10-openstack-amd64.qcow2",
            "image_source_username": null,
            "local_file_path": null,
            "metadata": {},
            "min_disk_gb": 0,
            "min_ram_mb": 0,
            "name": "Debian",
            "owner": "24080e3cdec1432dbd6d1e31091af9a0",
            "properties": {
              "os_hash_algo": "sha512",
              "os_hash_value": "23393501a658a98a272a96185bc688af7e7b87a5dc6fd0af5348c995ec69540221f11b54acf5bb3d054bd2736167fbadc5d8694389480f2e770f45db2fe154cb",
              "stores": "file"
            },
            "protected": false,
            "region": "RegionOne",
            "schema": "/v2/schemas/image",
            "size_bytes": 720913408,
            "status": "active",
            "tags": [],
            "timeouts": null,
            "update_at": "2023-05-29T15:27:55Z",
            "updated_at": "2023-05-29T15:27:55Z",
            "verify_checksum": null,
            "visibility": "private",
            "web_download": null
          },
          "sensitive_attributes": [],
          "private": "eyJlMmJmYjczMC1lY2FhLTExZTYtOGY4OC0zNDM2M2JjN2M0YzAiOnsiY3JlYXRlIjoxODAwMDAwMDAwMDAwfX0="
        }
      ]
    }
  ],
  "check_results": null
}
