{
  "version": 4,
  "terraform_version": "1.4.5",
  "serial": 4,
  "lineage": "209a9967-744b-8f18-3f37-1066388260eb",
  "outputs": {},
  "resources": [
    {
      "mode": "managed",
      "type": "openstack_compute_flavor_v2",
      "name": "agent-flavor",
      "provider": "provider[\"registry.terraform.io/terraform-provider-openstack/openstack\"]",
      "instances": [
        {
          "schema_version": 0,
          "attributes": {
            "disk": 20,
            "ephemeral": 0,
            "extra_specs": {
              "hw:cpu_policy": "CPU-POLICY",
              "hw:cpu_thread_policy": "CPU-THREAD-POLICY"
            },
            "flavor_id": "6bb923fb-fbcc-4e4e-bae7-f07a7ee6e2f2",
            "id": "6bb923fb-fbcc-4e4e-bae7-f07a7ee6e2f2",
            "is_public": false,
            "name": "agent-flavor",
            "ram": 4096,
            "region": "RegionOne",
            "rx_tx_factor": 1,
            "swap": 0,
            "vcpus": 1
          },
          "sensitive_attributes": [],
          "private": "bnVsbA=="
        }
      ]
    },
    {
      "mode": "managed",
      "type": "openstack_compute_flavor_v2",
      "name": "server-flavor",
      "provider": "provider[\"registry.terraform.io/terraform-provider-openstack/openstack\"]",
      "instances": [
        {
          "schema_version": 0,
          "attributes": {
            "disk": 20,
            "ephemeral": 0,
            "extra_specs": {
              "hw:cpu_policy": "CPU-POLICY",
              "hw:cpu_thread_policy": "CPU-THREAD-POLICY"
            },
            "flavor_id": "9cb085e5-015d-413f-9d25-0f6ddb3f6b34",
            "id": "9cb085e5-015d-413f-9d25-0f6ddb3f6b34",
            "is_public": false,
            "name": "server-flavor",
            "ram": 2048,
            "region": "RegionOne",
            "rx_tx_factor": 1,
            "swap": 0,
            "vcpus": 1
          },
          "sensitive_attributes": [],
          "private": "bnVsbA=="
        }
      ]
    },
    {
      "mode": "managed",
      "type": "openstack_images_image_v2",
      "name": "rancheros",
      "provider": "provider[\"registry.terraform.io/terraform-provider-openstack/openstack\"]",
      "instances": [
        {
          "schema_version": 0,
          "attributes": {
            "checksum": "cd3035de1e31932afeb88b1fd48ba43e",
            "container_format": "bare",
            "created_at": "2023-05-18T15:02:50Z",
            "disk_format": "qcow2",
            "file": "/v2/images/0d81b1a9-e9d3-46ab-a56b-4f6d0f10964b/file",
            "hidden": false,
            "id": "0d81b1a9-e9d3-46ab-a56b-4f6d0f10964b",
            "image_cache_path": "/home/kolla/.terraform/image_cache",
            "image_id": "0d81b1a9-e9d3-46ab-a56b-4f6d0f10964b",
            "image_source_password": null,
            "image_source_url": "https://releases.rancher.com/os/latest/rancheros-openstack.img",
            "image_source_username": null,
            "local_file_path": null,
            "metadata": {},
            "min_disk_gb": 0,
            "min_ram_mb": 0,
            "name": "RancherOS",
            "owner": "9cd8659138f6419f8c62a5068b2ed9b0",
            "properties": {
              "os_hash_algo": "sha512",
              "os_hash_value": "0442d0b67abfc463bcbe8542814985494a5592c993a07d102bbe36d9491ce97ae296400ab61fad64a7d900c550f6cbab60277f3abf3ec3383fa11e8a546c79b5",
              "stores": "file"
            },
            "protected": false,
            "region": "RegionOne",
            "schema": "/v2/schemas/image",
            "size_bytes": 133721600,
            "status": "active",
            "tags": null,
            "timeouts": null,
            "update_at": "2023-05-18T15:02:55Z",
            "updated_at": "2023-05-18T15:02:55Z",
            "verify_checksum": null,
            "visibility": "private",
            "web_download": null
          },
          "sensitive_attributes": [],
          "private": "eyJlMmJmYjczMC1lY2FhLTExZTYtOGY4OC0zNDM2M2JjN2M0YzAiOnsiY3JlYXRlIjoxODAwMDAwMDAwMDAwfX0="
        }
      ]
    }
  ],
  "check_results": null
}
