{
  "version": 4,
  "terraform_version": "1.4.5",
  "serial": 25,
  "lineage": "209a9967-744b-8f18-3f37-1066388260eb",
  "outputs": {
    "cluster_token": {
      "value": "0K8zHSv2GhrhzkuYVhGc7OqwZaKhaWtKu7yiDo1FzEd0nDyMvBh45EVEl2ZYWK56",
      "type": "string",
      "sensitive": true
    },
    "k3s_external_url": {
      "value": "",
      "type": "string"
    },
    "token": {
      "value": "yw9qn3.ti00xei75ibtw3pw",
      "type": "string",
      "sensitive": true
    }
  },
  "resources": [
    {
      "mode": "data",
      "type": "k8sbootstrap_auth",
      "name": "auth",
      "provider": "provider[\"registry.terraform.io/nimbolus/k8sbootstrap\"]",
      "instances": []
    },
    {
      "mode": "managed",
      "type": "openstack_compute_flavor_v2",
      "name": "agent-flavor",
      "provider": "provider[\"registry.terraform.io/terraform-provider-openstack/openstack\"]",
      "instances": [
        {
          "schema_version": 0,
          "attributes": {
            "disk": 20,
            "ephemeral": 0,
            "extra_specs": {
              "hw:cpu_policy": "CPU-POLICY",
              "hw:cpu_thread_policy": "CPU-THREAD-POLICY"
            },
            "flavor_id": "6bb923fb-fbcc-4e4e-bae7-f07a7ee6e2f2",
            "id": "6bb923fb-fbcc-4e4e-bae7-f07a7ee6e2f2",
            "is_public": false,
            "name": "agent-flavor",
            "ram": 4096,
            "region": "RegionOne",
            "rx_tx_factor": 1,
            "swap": 0,
            "vcpus": 1
          },
          "sensitive_attributes": [],
          "private": "bnVsbA=="
        }
      ]
    },
    {
      "mode": "managed",
      "type": "openstack_compute_flavor_v2",
      "name": "server-flavor",
      "provider": "provider[\"registry.terraform.io/terraform-provider-openstack/openstack\"]",
      "instances": [
        {
          "schema_version": 0,
          "attributes": {
            "disk": 20,
            "ephemeral": 0,
            "extra_specs": {
              "hw:cpu_policy": "CPU-POLICY",
              "hw:cpu_thread_policy": "CPU-THREAD-POLICY"
            },
            "flavor_id": "9cb085e5-015d-413f-9d25-0f6ddb3f6b34",
            "id": "9cb085e5-015d-413f-9d25-0f6ddb3f6b34",
            "is_public": false,
            "name": "server-flavor",
            "ram": 2048,
            "region": "RegionOne",
            "rx_tx_factor": 1,
            "swap": 0,
            "vcpus": 1
          },
          "sensitive_attributes": [],
          "private": "bnVsbA=="
        }
      ]
    },
    {
      "mode": "managed",
      "type": "openstack_compute_keypair_v2",
      "name": "k3s",
      "provider": "provider[\"registry.terraform.io/terraform-provider-openstack/openstack\"]",
      "instances": [
        {
          "schema_version": 0,
          "attributes": {
            "fingerprint": "a3:04:5e:51:1c:5c:4f:49:b4:bf:7c:33:5a:dc:58:d0",
            "id": "k3s",
            "name": "k3s",
            "private_key": "-----BEGIN RSA PRIVATE KEY-----\nMIIEpAIBAAKCAQEA0GuwO3yf/X8IqYhgGn8DNFcs/RCUKfZwjVxDXyKYdUgN1SFA\nkk7RlVQ0/VAdNag8ejt3v7GKwRyUJMRYtehH3Jdr+0u7Y73JldVbVtFl4GDM+IYY\n5dJ/NELt5OMD/ZVGTjtL23s6pBxxT13mlWzbhLeA8HoJsZGQtZ8rdiK6/skY2YIZ\n35k2MjVrX/ENsSeyDUA2oknU/tqy0wHPLilopCOScTXl2DbwHKF1f+xQEw0RiPdi\n4/Poc5l/pr9St9fsBnH4Z9pAf09Ryx00mEhPhEGxwk4ekrnSYZHS808YUjwGeXNz\nGwUVTCf31pxPWxVEj0kaGqCvm7PxEm7smxtLsQIDAQABAoIBAHszbRV88cYTVbeB\nWe3PrsE91uYw6qRzfMzTATA3bw/E7AhUg6r41IMFJ92lgd65+CX5CSxTcsX8csXZ\nGudMy03mZHpDph2rjoH3gOqtFR+xmPg/rHAOIgtulNl8KFu55blQ6+Jt0Zg5B/H2\ne9tQYeLt5lZAjYJdncD+ud43YXpBrExzuZYEB3wO/f6PpcR8gUnNqzshN5GCnqCw\n0rvovQwsSQecDERFu4yKT7uGTgo8bsKx2h7MuocCdn2s9mykzuIvAh0bZALO/AVU\nWgZS5nCHIaJDQiB0jvs57J6mItVFohYIa3hVr0HvOZw5eqQ5qNDH0rEYs74x1++j\nLP/AZQECgYEA545Z527vkpzIJ69ViP7d/n7vn+HWXBcyS3Vbw0NG0B0/rZoasxqZ\nXaI/CVtN9gb7tU+N9XBFhDy62NL1UzTlL01AEReFZt9ptY1jR7LLp7hChZ9+K3+X\n+F/99jOqqM8+KGQZBlo1rlDBD5TjZlr4Wbb0Z298JJk032ClI1xq5rkCgYEA5mwe\nTDoRj+rQc9cA1RqF7fuzLP1Si7u9IERAIErQCKXpzo7pX58FDp36F08AxsmSy1OM\ntbAdIqnEDO+FPwS8ypSt0Vj3CIcpoROCyory9n2WU4mupE6xkcssWmfQnwPY/4yg\nimfUjzBG+solqVbjqExJXJ/OoaSz8lyuWEdnELkCgYEAicC542CvzXzP5iv8qr9U\nua4yR99GcwqptRJgQM2pNu3vkAt5jstoKbf34E0dGBwXakmlnjnoYT7vuUXnBFUX\ncwh18LUZe5W1gXhXc7P+TAzmJjA4ExCZC/2vS+R4xmxkAgtqh8jq3oTUFbzxe1br\nIBQjWdWM+Qjb13fbRioYvqECgYAZgSIhYdQLz/veto+bBuKIIvIEKs32NYOLjMJk\nUKOSMXsdp+fg86MFqSrDZbU6S5l58/eBLMssyQmwPNrMzONwsOBEacp+ISfUcmpp\nrNOTwPbgrD6uZR92ebyhDRikYTKlppUmfLOkXb2diL5+beWo/Tipje67KZXZX7TU\nhKK90QKBgQDB19KYLM5LhqtQarbsXGC/P7uoid41s5uY/qehRsEvYMAkOTn4HnAU\neEEuKBM+ws2sZZ2WhvLeZCyuzrtoR0zb5axy0dk+Qex1VpF7ahpre0r8qhO8Ext6\nTILdd8Ew8/BvlGUtpEXovWyROVO1m00O4ursHHqtGoRq0GRzogxzwg==\n-----END RSA PRIVATE KEY-----\n",
            "public_key": "ssh-rsa AAAAB3NzaC1yc2EAAAADAQABAAABAQDQa7A7fJ/9fwipiGAafwM0Vyz9EJQp9nCNXENfIph1SA3VIUCSTtGVVDT9UB01qDx6O3e/sYrBHJQkxFi16Efcl2v7S7tjvcmV1VtW0WXgYMz4hhjl0n80Qu3k4wP9lUZOO0vbezqkHHFPXeaVbNuEt4DwegmxkZC1nyt2Irr+yRjZghnfmTYyNWtf8Q2xJ7INQDaiSdT+2rLTAc8uKWikI5JxNeXYNvAcoXV/7FATDRGI92Lj8+hzmX+mv1K31+wGcfhn2kB/T1HLHTSYSE+EQbHCTh6SudJhkdLzTxhSPAZ5c3MbBRVMJ/fWnE9bFUSPSRoaoK+bs/ESbuybG0ux Generated-by-Nova",
            "region": "RegionOne",
            "user_id": "",
            "value_specs": null
          },
          "sensitive_attributes": [],
          "private": "bnVsbA=="
        }
      ]
    },
    {
      "mode": "managed",
      "type": "openstack_images_image_v2",
      "name": "rancheros",
      "provider": "provider[\"registry.terraform.io/terraform-provider-openstack/openstack\"]",
      "instances": [
        {
          "schema_version": 0,
          "attributes": {
            "checksum": "cd3035de1e31932afeb88b1fd48ba43e",
            "container_format": "bare",
            "created_at": "2023-05-18T15:02:50Z",
            "disk_format": "qcow2",
            "file": "/v2/images/0d81b1a9-e9d3-46ab-a56b-4f6d0f10964b/file",
            "hidden": false,
            "id": "0d81b1a9-e9d3-46ab-a56b-4f6d0f10964b",
            "image_cache_path": "/home/kolla/.terraform/image_cache",
            "image_id": "0d81b1a9-e9d3-46ab-a56b-4f6d0f10964b",
            "image_source_password": null,
            "image_source_url": "https://releases.rancher.com/os/latest/rancheros-openstack.img",
            "image_source_username": null,
            "local_file_path": null,
            "metadata": {},
            "min_disk_gb": 0,
            "min_ram_mb": 0,
            "name": "RancherOS",
            "owner": "9cd8659138f6419f8c62a5068b2ed9b0",
            "properties": {
              "os_hash_algo": "sha512",
              "os_hash_value": "0442d0b67abfc463bcbe8542814985494a5592c993a07d102bbe36d9491ce97ae296400ab61fad64a7d900c550f6cbab60277f3abf3ec3383fa11e8a546c79b5",
              "stores": "file"
            },
            "protected": false,
            "region": "RegionOne",
            "schema": "/v2/schemas/image",
            "size_bytes": 133721600,
            "status": "active",
            "tags": [],
            "timeouts": null,
            "update_at": "2023-05-18T15:02:55Z",
            "updated_at": "2023-05-18T15:02:55Z",
            "verify_checksum": null,
            "visibility": "private",
            "web_download": null
          },
          "sensitive_attributes": [],
          "private": "eyJlMmJmYjczMC1lY2FhLTExZTYtOGY4OC0zNDM2M2JjN2M0YzAiOnsiY3JlYXRlIjoxODAwMDAwMDAwMDAwfX0="
        }
      ]
    },
    {
      "mode": "managed",
      "type": "openstack_networking_network_v2",
      "name": "kubernetes",
      "provider": "provider[\"registry.terraform.io/terraform-provider-openstack/openstack\"]",
      "instances": [
        {
          "schema_version": 0,
          "attributes": {
            "admin_state_up": true,
            "all_tags": [],
            "availability_zone_hints": [],
            "description": "",
            "dns_domain": "",
            "external": false,
            "id": "4aba8cf0-0986-4c07-ada0-f0b0b3b2fe51",
            "mtu": 1450,
            "name": "kubernetes",
            "port_security_enabled": true,
            "qos_policy_id": "",
            "region": "RegionOne",
            "segments": [],
            "shared": false,
            "tags": null,
            "tenant_id": "9cd8659138f6419f8c62a5068b2ed9b0",
            "timeouts": null,
            "transparent_vlan": false,
            "value_specs": null
          },
          "sensitive_attributes": [],
          "private": "eyJlMmJmYjczMC1lY2FhLTExZTYtOGY4OC0zNDM2M2JjN2M0YzAiOnsiY3JlYXRlIjo2MDAwMDAwMDAwMDAsImRlbGV0ZSI6NjAwMDAwMDAwMDAwfX0="
        }
      ]
    },
    {
      "mode": "managed",
      "type": "openstack_networking_subnet_v2",
      "name": "kubernetes",
      "provider": "provider[\"registry.terraform.io/terraform-provider-openstack/openstack\"]",
      "instances": [
        {
          "schema_version": 0,
          "attributes": {
            "all_tags": [],
            "allocation_pool": [
              {
                "end": "192.168.199.254",
                "start": "192.168.199.2"
              }
            ],
            "allocation_pools": [
              {
                "end": "192.168.199.254",
                "start": "192.168.199.2"
              }
            ],
            "cidr": "192.168.199.0/24",
            "description": "",
            "dns_nameservers": null,
            "enable_dhcp": true,
            "gateway_ip": "192.168.199.1",
            "host_routes": [],
            "id": "dd9e8f47-de32-45b5-917d-92e0e9e58173",
            "ip_version": 4,
            "ipv6_address_mode": "",
            "ipv6_ra_mode": "",
            "name": "",
            "network_id": "4aba8cf0-0986-4c07-ada0-f0b0b3b2fe51",
            "no_gateway": false,
            "prefix_length": null,
            "region": "RegionOne",
            "subnetpool_id": "",
            "tags": null,
            "tenant_id": "9cd8659138f6419f8c62a5068b2ed9b0",
            "timeouts": null,
            "value_specs": null
          },
          "sensitive_attributes": [],
          "private": "eyJlMmJmYjczMC1lY2FhLTExZTYtOGY4OC0zNDM2M2JjN2M0YzAiOnsiY3JlYXRlIjo2MDAwMDAwMDAwMDAsImRlbGV0ZSI6NjAwMDAwMDAwMDAwfX0=",
          "dependencies": [
            "openstack_networking_network_v2.kubernetes"
          ]
        }
      ]
    },
    {
      "mode": "managed",
      "type": "random_password",
      "name": "bootstrap_token_id",
      "provider": "provider[\"registry.terraform.io/hashicorp/random\"]",
      "instances": [
        {
          "schema_version": 3,
          "attributes": {
            "bcrypt_hash": "$2a$10$cxX5YzCz//wsiaw4RTB8quq.iKw0AD.CC/e5TftRmWSjD9E604hhK",
            "id": "none",
            "keepers": null,
            "length": 6,
            "lower": true,
            "min_lower": 0,
            "min_numeric": 0,
            "min_special": 0,
            "min_upper": 0,
            "number": true,
            "numeric": true,
            "override_special": null,
            "result": "yw9qn3",
            "special": false,
            "upper": false
          },
          "sensitive_attributes": []
        }
      ]
    },
    {
      "mode": "managed",
      "type": "random_password",
      "name": "bootstrap_token_secret",
      "provider": "provider[\"registry.terraform.io/hashicorp/random\"]",
      "instances": [
        {
          "schema_version": 3,
          "attributes": {
            "bcrypt_hash": "$2a$10$nmJZSge7QcDy37iOiHTy0er0hU1Qb52oVpgreJNV/vA0PrhcFjmTa",
            "id": "none",
            "keepers": null,
            "length": 16,
            "lower": true,
            "min_lower": 0,
            "min_numeric": 0,
            "min_special": 0,
            "min_upper": 0,
            "number": true,
            "numeric": true,
            "override_special": null,
            "result": "ti00xei75ibtw3pw",
            "special": false,
            "upper": false
          },
          "sensitive_attributes": []
        }
      ]
    },
    {
      "mode": "managed",
      "type": "random_password",
      "name": "cluster_token",
      "provider": "provider[\"registry.terraform.io/hashicorp/random\"]",
      "instances": [
        {
          "schema_version": 3,
          "attributes": {
            "bcrypt_hash": "$2a$10$ePZfLTVGyXGg1.O6nCUVp.XN1sXUUpKlzRQhyb4p1Tbc45U9vAmV6",
            "id": "none",
            "keepers": null,
            "length": 64,
            "lower": true,
            "min_lower": 0,
            "min_numeric": 0,
            "min_special": 0,
            "min_upper": 0,
            "number": true,
            "numeric": true,
            "override_special": null,
            "result": "0K8zHSv2GhrhzkuYVhGc7OqwZaKhaWtKu7yiDo1FzEd0nDyMvBh45EVEl2ZYWK56",
            "special": false,
            "upper": true
          },
          "sensitive_attributes": []
        }
      ]
    },
    {
      "module": "module.agents[0]",
      "mode": "data",
      "type": "openstack_compute_flavor_v2",
      "name": "k3s",
      "provider": "provider[\"registry.terraform.io/terraform-provider-openstack/openstack\"]",
      "instances": []
    },
    {
      "module": "module.agents[0]",
      "mode": "data",
      "type": "openstack_images_image_v2",
      "name": "k3s",
      "provider": "provider[\"registry.terraform.io/terraform-provider-openstack/openstack\"]",
      "instances": []
    },
    {
      "module": "module.agents[0]",
      "mode": "managed",
      "type": "openstack_networking_floatingip_v2",
      "name": "node",
      "provider": "provider[\"registry.terraform.io/terraform-provider-openstack/openstack\"]",
      "instances": []
    },
    {
      "module": "module.agents[1]",
      "mode": "data",
      "type": "openstack_compute_flavor_v2",
      "name": "k3s",
      "provider": "provider[\"registry.terraform.io/terraform-provider-openstack/openstack\"]",
      "instances": []
    },
    {
      "module": "module.agents[1]",
      "mode": "data",
      "type": "openstack_images_image_v2",
      "name": "k3s",
      "provider": "provider[\"registry.terraform.io/terraform-provider-openstack/openstack\"]",
      "instances": []
    },
    {
      "module": "module.agents[1]",
      "mode": "managed",
      "type": "openstack_networking_floatingip_v2",
      "name": "node",
      "provider": "provider[\"registry.terraform.io/terraform-provider-openstack/openstack\"]",
      "instances": []
    },
    {
      "module": "module.secgroup",
      "mode": "managed",
      "type": "openstack_networking_secgroup_v2",
      "name": "k3s",
      "provider": "provider[\"registry.terraform.io/terraform-provider-openstack/openstack\"]",
      "instances": [
        {
          "index_key": 0,
          "schema_version": 0,
          "attributes": {
            "all_tags": [],
            "delete_default_rules": null,
            "description": "allow k3s services",
            "id": "30e7fc8b-d0d3-43f2-8c04-752709098021",
            "name": "allow-k3s",
            "region": "RegionOne",
            "tags": null,
            "tenant_id": "9cd8659138f6419f8c62a5068b2ed9b0",
            "timeouts": null
          },
          "sensitive_attributes": [],
          "private": "eyJlMmJmYjczMC1lY2FhLTExZTYtOGY4OC0zNDM2M2JjN2M0YzAiOnsiZGVsZXRlIjo2MDAwMDAwMDAwMDB9fQ=="
        }
      ]
    },
    {
      "module": "module.server",
      "mode": "data",
      "type": "openstack_compute_flavor_v2",
      "name": "k3s",
      "provider": "provider[\"registry.terraform.io/terraform-provider-openstack/openstack\"]",
      "instances": []
    },
    {
      "module": "module.server",
      "mode": "data",
      "type": "openstack_images_image_v2",
      "name": "k3s",
      "provider": "provider[\"registry.terraform.io/terraform-provider-openstack/openstack\"]",
      "instances": []
    },
    {
      "module": "module.server",
      "mode": "managed",
      "type": "openstack_compute_instance_v2",
      "name": "node",
      "provider": "provider[\"registry.terraform.io/terraform-provider-openstack/openstack\"]",
      "instances": []
    },
    {
      "module": "module.server",
      "mode": "managed",
      "type": "openstack_networking_floatingip_v2",
      "name": "node",
      "provider": "provider[\"registry.terraform.io/terraform-provider-openstack/openstack\"]",
      "instances": []
    }
  ],
  "check_results": null
}
