{
  "version": 4,
  "terraform_version": "1.4.5",
  "serial": 97,
  "lineage": "cb21ebe6-7dec-8725-0681-9d308f120911",
  "outputs": {
    "cluster_token": {
      "value": "d8cwGBieJ9ti80xMytnDGa5J3a1FMnoLeGl3fut4BPIx65tdR366yWVhoBQgdjaI",
      "type": "string",
      "sensitive": true
    },
    "k3s_external_url": {
      "value": "https://10.0.2.169:6443",
      "type": "string"
    },
    "k3s_url": {
      "value": "https://192.168.199.67:6443",
      "type": "string"
    },
    "server_external_ip": {
      "value": "10.0.2.169",
      "type": "string"
    },
    "server_ip": {
      "value": "192.168.199.67",
      "type": "string"
    },
    "server_user_data": {
      "value": "#cloud-config\nusers:\n  - name: debian\n    shell: /bin/bash\n    sudo: 'ALL=(ALL) NOPASSWD:ALL'\n    ssh_authorized_keys:\n      - ssh-ed25519 AAAAC3NzaC1lZDI1NTE5AAAAIFhaKOV4rywl4Nlcl7Hk+v66hDNjaqTavSp4ng4IvatS flowers\nssh_pwauth: False\nfs_setup:\n  - label: k3s-data\n    filesystem: ext4\n    device: /dev/vdb\n\nmounts:\n  - [LABEL=k3s-data, /mnt/persistent]\n\nwrite_files:\n  - path: /root/k3s.env\n    content: SzNTX1RPS0VOPWQ4Y3dHQmllSjl0aTgweE15dG5ER2E1SjNhMUZNbm9MZUdsM2Z1dDRCUEl4NjV0ZFIzNjZ5V1Zob0JRZ2RqYUkKSzNTX1VSTD0KSU5TVEFMTF9LM1NfRVhFQz0ic2VydmVyIC0tY2x1c3Rlci1pbml0IC0ta3ViZS1hcGlzZXJ2ZXItYXJnIGVuYWJsZS1ib290c3RyYXAtdG9rZW4tYXV0aCAtLWRpc2FibGUgdHJhZWZpayAtLW5vZGUtbGFiZWwgYXo9bm92YSIKICAgICAgSU5TVEFMTF9LM1NfQ0hBTk5FTD1zdGFibGUK\n    encoding: b64\n  - path: /root/k3s-bootstrap.yaml\n    content: LS0tCmFwaVZlcnNpb246IHYxCmtpbmQ6IFNlY3JldAptZXRhZGF0YToKICBuYW1lOiBib290c3RyYXAtdG9rZW4tdWVibW9mCiAgbmFtZXNwYWNlOiBrdWJlLXN5c3RlbQoKdHlwZTogYm9vdHN0cmFwLmt1YmVybmV0ZXMuaW8vdG9rZW4Kc3RyaW5nRGF0YToKICBkZXNjcmlwdGlvbjogImJvb3RzdHJhcCB0b2tlbiIKCiAgdG9rZW4taWQ6IHVlYm1vZgogIHRva2VuLXNlY3JldDogZGY2OHpsdDhneTlvdGtrYwoKICB1c2FnZS1ib290c3RyYXAtYXV0aGVudGljYXRpb246ICJ0cnVlIgogIHVzYWdlLWJvb3RzdHJhcC1zaWduaW5nOiAidHJ1ZSIKCiAgYXV0aC1leHRyYS1ncm91cHM6IHN5c3RlbTpib290c3RyYXBwZXJzOndvcmtlcixzeXN0ZW06Ym9vdHN0cmFwcGVyczppbmdyZXNzCi0tLQphcGlWZXJzaW9uOiByYmFjLmF1dGhvcml6YXRpb24uazhzLmlvL3YxCmtpbmQ6IENsdXN0ZXJSb2xlQmluZGluZwptZXRhZGF0YToKICBuYW1lOiBib290c3RyYXAtYWRtaW4Kc3ViamVjdHM6Ci0ga2luZDogR3JvdXAKICBuYW1lOiBzeXN0ZW06Ym9vdHN0cmFwcGVycwogIGFwaUdyb3VwOiByYmFjLmF1dGhvcml6YXRpb24uazhzLmlvCnJvbGVSZWY6CiAgYXBpR3JvdXA6IHJiYWMuYXV0aG9yaXphdGlvbi5rOHMuaW8KICBraW5kOiBDbHVzdGVyUm9sZQogIG5hbWU6IGNsdXN0ZXItYWRtaW4K\n    encoding: b64\n  \n\nruncmd:\n  - mkdir -p /mnt/persistent/var/lib/rancher/k3s/agent /mnt/persistent/etc/rancher /var/lib/containerd\n  # exclude containerd data from persistence\n  - if [ -d /mnt/persistent/var/lib/rancher/k3s/agent/containerd ]; then rm -r /mnt/persistent/var/lib/rancher/k3s/agent/containerd; fi\n  - ln -s /var/lib/containerd /mnt/persistent/var/lib/rancher/k3s/agent/containerd\n  # setup persistence\n  - ln -s /mnt/persistent/var/lib/rancher /var/lib/rancher\n  - ln -s /mnt/persistent/etc/rancher /etc/rancher\n  # install k3s\n  - set -a; . /root/k3s.env; set +a\n  - export INSTALL_K3S_EXEC=\"$INSTALL_K3S_EXEC --node-ip=192.168.199.67 --tls-san=192.168.199.67\"\n  - export INSTALL_K3S_EXEC=\"$INSTALL_K3S_EXEC --node-external-ip=10.0.2.169\"\n  - bash -c \"for i in {1..6}; do (ping -c 10 -q github.com) \u0026\u0026 break || (echo 'failed to verify network, will try again soon'); done\"\n  - wget -O - https://get.k3s.io | sh -\n  # install cni plugins\n  - wget --no-verbose -O /tmp/cni-plugins.tgz https://github.com/containernetworking/plugins/releases/download/v0.9.0/cni-plugins-linux-amd64-v0.9.0.tgz\n  - mkdir -p /opt/cni/bin\n  - tar -xzC /opt/cni/bin -f /tmp/cni-plugins.tgz\n  - mkdir -p /var/lib/rancher/k3s/server/manifests/\n  - mv /root/k3s-bootstrap.yaml /var/lib/rancher/k3s/server/manifests/\n  \n",
      "type": "string",
      "sensitive": true
    },
    "token": {
      "value": "uebmof.df68zlt8gy9otkkc",
      "type": "string",
      "sensitive": true
    }
  },
  "resources": [
    {
      "mode": "data",
      "type": "k8sbootstrap_auth",
      "name": "auth",
      "provider": "provider[\"registry.terraform.io/nimbolus/k8sbootstrap\"]",
      "instances": []
    },
    {
      "mode": "managed",
      "type": "openstack_compute_flavor_v2",
      "name": "agent_flavor",
      "provider": "provider[\"registry.terraform.io/terraform-provider-openstack/openstack\"]",
      "instances": [
        {
          "schema_version": 0,
          "attributes": {
            "disk": 20,
            "ephemeral": 0,
            "extra_specs": {
              "hw:cpu_policy": "shared"
            },
            "flavor_id": "5ce8e3dc-eeab-4483-b5c6-edd50bd77520",
            "id": "5ce8e3dc-eeab-4483-b5c6-edd50bd77520",
            "is_public": false,
            "name": "agent-flavor",
            "ram": 4096,
            "region": "RegionOne",
            "rx_tx_factor": 1,
            "swap": 0,
            "vcpus": 1
          },
          "sensitive_attributes": [],
          "private": "bnVsbA=="
        }
      ]
    },
    {
      "mode": "managed",
      "type": "openstack_compute_flavor_v2",
      "name": "server_flavor",
      "provider": "provider[\"registry.terraform.io/terraform-provider-openstack/openstack\"]",
      "instances": [
        {
          "schema_version": 0,
          "attributes": {
            "disk": 20,
            "ephemeral": 0,
            "extra_specs": {
              "hw:cpu_policy": "shared"
            },
            "flavor_id": "43aadfe5-ffa5-459f-b005-615bf238ae5a",
            "id": "43aadfe5-ffa5-459f-b005-615bf238ae5a",
            "is_public": false,
            "name": "server-flavor",
            "ram": 2048,
            "region": "RegionOne",
            "rx_tx_factor": 1,
            "swap": 0,
            "vcpus": 1
          },
          "sensitive_attributes": [],
          "private": "bnVsbA=="
        }
      ]
    },
    {
      "mode": "managed",
      "type": "openstack_compute_keypair_v2",
      "name": "k3s",
      "provider": "provider[\"registry.terraform.io/terraform-provider-openstack/openstack\"]",
      "instances": [
        {
          "schema_version": 0,
          "attributes": {
            "fingerprint": "fc:71:63:e8:b0:c6:8a:cf:7c:01:a4:4c:b2:1c:15:f6",
            "id": "k3s",
            "name": "k3s",
            "private_key": "-----BEGIN RSA PRIVATE KEY-----\nMIIEowIBAAKCAQEAqxCr7z3gW23BYepjKJWCtIu9pckjEkPQglmcJ54u4OLsCPKs\nD/NsEhtROProxCzSq34c8sx1qMvonChPo/RVOsPxl1iR2qVhzhjfpqEQ9q2CnMIM\nN0jbyb/12ELZ07RASU7nD2ex7zrvUKrsI0vesCnmwMT8CfY9sP0UNViGlE26P7OJ\nswNICxbYqfqk5KuZThK0xadvcMx283/mCQZthfDbgzNgKaiWL12ybx+7awoKCj1s\nATN6F5P042EIgvQ+QR2oZwwQBFVVRuVbzJaOl1EOaxYQNbgo7P2xWhh/neOKXNsC\ncHmJVBL+MFkBUhYIgoj+M1i79Es3I6TPFWoi9QIDAQABAoIBAF2rfVo9eZLW4KNr\nIuzgIXgXZLtZDfk8ZPpbcyRGe8jsuO6VYx5A3pZzmuAmlDqHiLwbDGLvDiZlsXOA\np0tRyTGqhamn+AXPtWSTPjQR0iYhEHohz2qeXKt2j3nh8UD5XJJHwEIxN7+Vd+Gm\nFjOlocS4zQAVXSVfTpyRl/U2Cks99q86MSXfws8Yjz3VwKs7hXa9MllMVKM03qPq\n8XevQdnwAKgWiRaQEPIqc5du6I8KLQaM6FAbsYpstN+LUwlVvOxIdRqN3yrnxu2A\nfCOSTIxbiwzmUtePAIAI0riOrz3+RF4p+ol6CfMeIYUPkjA+L2qgJZe7lVZKXuaA\nESQKZakCgYEA4nftLk/+ZYkgZAGZVYf97Mtf3+lrU8nngQtycVQyAF2LTwNlPGh+\ncUijPcpTWV2gIaqzZz1atKH6xo8lawCvjcy9RrAnCL1V1P2mtkIen98vKBt5hnBi\nhvIkAxnRxiL1Io4G11ceQvphtw8cPq4MInT3I2X58efdw2HbsH3/mcMCgYEAwV8+\n3v0ksjwkfoOBjP18JZFNvTrdmehQXd4N2HH/AO5X+e34OFlN0O+bYgo1Hr05xN7n\nm0sLbFDYAV7jo2kuQlMJudKb95A509OvfXaekVlEjzSQoHFM9S4TOuABC0GQx70m\nJNNFXToeP2q8N2Rq6150a2ORsA3iiUe/58LVzOcCgYEAsqdQ4BwS4B6RAtOQFr01\nP7wgYg9Nr8ezbUWOfoChAVDKOQbAsirstIlM3c3ierk1PdnftS3dhGnT3xfFuOfN\nldtR5ZXI9UgHkgKXpWf7qLr0BHvIHppB35rddeTEa73gC+Zm1zHOmZ/TvgmZioja\n4cPLwo0L5B26AAwOtuhu3ukCgYAjcsBlxGYrvla6UoU3QWi2wlJL9DSXeDzzWDeV\njCBBHXBHQtaUDdr0CFilulVOk0W5z1sJ3tHzQ0a1yZ1VYXy3b92CkRdCZNAVAuNS\nzqH25zRoRCyXHO4MrCueSV4noBdYZlZNveUjV/ofigOC7AelqiURYqlcas8yd1K4\nu8DR1QKBgBb9v9avHwT0spiAXCWEUhV4ADdGw7T0KeIPKhwdaR5vhTA1c62uj4tY\nLk1nBJ9oD+QnPawhO7WNSw9W+5dJGIXUmPixIDl2Tk+983S5mH9AIwaHXXhhqVEN\nMHwt8Apc9Umc3W1mCmQ+oAAP8iiHlJyyX/VvQzMAnQlmm4KtktiX\n-----END RSA PRIVATE KEY-----\n",
            "public_key": "ssh-rsa AAAAB3NzaC1yc2EAAAADAQABAAABAQCrEKvvPeBbbcFh6mMolYK0i72lySMSQ9CCWZwnni7g4uwI8qwP82wSG1E4+ujELNKrfhzyzHWoy+icKE+j9FU6w/GXWJHapWHOGN+moRD2rYKcwgw3SNvJv/XYQtnTtEBJTucPZ7HvOu9QquwjS96wKebAxPwJ9j2w/RQ1WIaUTbo/s4mzA0gLFtip+qTkq5lOErTFp29wzHbzf+YJBm2F8NuDM2ApqJYvXbJvH7trCgoKPWwBM3oXk/TjYQiC9D5BHahnDBAEVVVG5VvMlo6XUQ5rFhA1uCjs/bFaGH+d44pc2wJweYlUEv4wWQFSFgiCiP4zWLv0SzcjpM8VaiL1 Generated-by-Nova",
            "region": "RegionOne",
            "user_id": "",
            "value_specs": null
          },
          "sensitive_attributes": [],
          "private": "bnVsbA=="
        }
      ]
    },
    {
      "mode": "managed",
      "type": "openstack_images_image_v2",
      "name": "debian",
      "provider": "provider[\"registry.terraform.io/terraform-provider-openstack/openstack\"]",
      "instances": [
        {
          "schema_version": 0,
          "attributes": {
            "checksum": "e3b184cb6577d4b015073f97a8d1df18",
            "container_format": "bare",
            "created_at": "2023-05-28T15:18:21Z",
            "disk_format": "qcow2",
            "file": "/v2/images/071ce768-b7bd-4735-8d9a-61855ffe1600/file",
            "hidden": false,
            "id": "071ce768-b7bd-4735-8d9a-61855ffe1600",
            "image_cache_path": "/home/kolla/.terraform/image_cache",
            "image_id": "071ce768-b7bd-4735-8d9a-61855ffe1600",
            "image_source_password": null,
            "image_source_url": "https://cdimage.debian.org/cdimage/openstack/current-10/debian-10-openstack-amd64.qcow2",
            "image_source_username": null,
            "local_file_path": null,
            "metadata": {},
            "min_disk_gb": 0,
            "min_ram_mb": 0,
            "name": "Debian",
            "owner": "24080e3cdec1432dbd6d1e31091af9a0",
            "properties": {
              "os_hash_algo": "sha512",
              "os_hash_value": "23393501a658a98a272a96185bc688af7e7b87a5dc6fd0af5348c995ec69540221f11b54acf5bb3d054bd2736167fbadc5d8694389480f2e770f45db2fe154cb",
              "stores": "file"
            },
            "protected": false,
            "region": "RegionOne",
            "schema": "/v2/schemas/image",
            "size_bytes": 720913408,
            "status": "active",
            "tags": [],
            "timeouts": null,
            "update_at": "2023-05-28T15:18:46Z",
            "updated_at": "2023-05-28T15:18:46Z",
            "verify_checksum": null,
            "visibility": "private",
            "web_download": null
          },
          "sensitive_attributes": [],
          "private": "eyJlMmJmYjczMC1lY2FhLTExZTYtOGY4OC0zNDM2M2JjN2M0YzAiOnsiY3JlYXRlIjoxODAwMDAwMDAwMDAwfX0="
        }
      ]
    },
    {
      "mode": "managed",
      "type": "openstack_networking_network_v2",
      "name": "external_net",
      "provider": "provider[\"registry.terraform.io/terraform-provider-openstack/openstack\"]",
      "instances": [
        {
          "schema_version": 0,
          "attributes": {
            "admin_state_up": true,
            "all_tags": [],
            "availability_zone_hints": [],
            "description": "",
            "dns_domain": "",
            "external": true,
            "id": "0bc727d6-1c0f-4457-8a8c-57a8f4f8a591",
            "mtu": 1500,
            "name": "external_network",
            "port_security_enabled": true,
            "qos_policy_id": "",
            "region": "RegionOne",
            "segments": [
              {
                "network_type": "flat",
                "physical_network": "physnet1",
                "segmentation_id": 0
              }
            ],
            "shared": false,
            "tags": [],
            "tenant_id": "24080e3cdec1432dbd6d1e31091af9a0",
            "timeouts": null,
            "transparent_vlan": false,
            "value_specs": null
          },
          "sensitive_attributes": [],
          "private": "eyJlMmJmYjczMC1lY2FhLTExZTYtOGY4OC0zNDM2M2JjN2M0YzAiOnsiY3JlYXRlIjo2MDAwMDAwMDAwMDAsImRlbGV0ZSI6NjAwMDAwMDAwMDAwfX0="
        }
      ]
    },
    {
      "mode": "managed",
      "type": "openstack_networking_network_v2",
      "name": "kubernetes",
      "provider": "provider[\"registry.terraform.io/terraform-provider-openstack/openstack\"]",
      "instances": [
        {
          "schema_version": 0,
          "attributes": {
            "admin_state_up": true,
            "all_tags": [],
            "availability_zone_hints": [],
            "description": "",
            "dns_domain": "",
            "external": false,
            "id": "90804797-322b-4344-ae2b-ec5febf6c4dc",
            "mtu": 1450,
            "name": "kubernetes",
            "port_security_enabled": true,
            "qos_policy_id": "",
            "region": "RegionOne",
            "segments": [],
            "shared": false,
            "tags": [],
            "tenant_id": "24080e3cdec1432dbd6d1e31091af9a0",
            "timeouts": null,
            "transparent_vlan": false,
            "value_specs": null
          },
          "sensitive_attributes": [],
          "private": "eyJlMmJmYjczMC1lY2FhLTExZTYtOGY4OC0zNDM2M2JjN2M0YzAiOnsiY3JlYXRlIjo2MDAwMDAwMDAwMDAsImRlbGV0ZSI6NjAwMDAwMDAwMDAwfX0="
        }
      ]
    },
    {
      "mode": "managed",
      "type": "openstack_networking_router_interface_v2",
      "name": "router_internal_interface",
      "provider": "provider[\"registry.terraform.io/terraform-provider-openstack/openstack\"]",
      "instances": [
        {
          "schema_version": 0,
          "attributes": {
            "id": "3466b2a6-b2f3-480d-9ee8-865e96201de0",
            "port_id": "3466b2a6-b2f3-480d-9ee8-865e96201de0",
            "region": "RegionOne",
            "router_id": "0b7f3214-ae33-4c03-8dbc-8c3fa89f2b40",
            "subnet_id": "dbe60d41-1a6e-40e2-bb0f-1db815527557",
            "timeouts": null
          },
          "sensitive_attributes": [],
          "private": "eyJlMmJmYjczMC1lY2FhLTExZTYtOGY4OC0zNDM2M2JjN2M0YzAiOnsiY3JlYXRlIjo2MDAwMDAwMDAwMDAsImRlbGV0ZSI6NjAwMDAwMDAwMDAwfX0=",
          "dependencies": [
            "openstack_networking_network_v2.external_net",
            "openstack_networking_network_v2.kubernetes",
            "openstack_networking_router_v2.router",
            "openstack_networking_subnet_v2.kubernetes"
          ]
        }
      ]
    },
    {
      "mode": "managed",
      "type": "openstack_networking_router_v2",
      "name": "router",
      "provider": "provider[\"registry.terraform.io/terraform-provider-openstack/openstack\"]",
      "instances": [
        {
          "schema_version": 0,
          "attributes": {
            "admin_state_up": true,
            "all_tags": [],
            "availability_zone_hints": [],
            "description": "",
            "distributed": false,
            "enable_snat": true,
            "external_fixed_ip": [
              {
                "ip_address": "10.0.2.189",
                "subnet_id": "430fcf0b-df6d-4a32-bbe1-a52d78b67a75"
              }
            ],
            "external_gateway": "0bc727d6-1c0f-4457-8a8c-57a8f4f8a591",
            "external_network_id": "0bc727d6-1c0f-4457-8a8c-57a8f4f8a591",
            "external_subnet_ids": null,
            "id": "0b7f3214-ae33-4c03-8dbc-8c3fa89f2b40",
            "name": "router",
            "region": "RegionOne",
            "tags": [],
            "tenant_id": "24080e3cdec1432dbd6d1e31091af9a0",
            "timeouts": null,
            "value_specs": null,
            "vendor_options": []
          },
          "sensitive_attributes": [],
          "private": "eyJlMmJmYjczMC1lY2FhLTExZTYtOGY4OC0zNDM2M2JjN2M0YzAiOnsiY3JlYXRlIjo2MDAwMDAwMDAwMDAsImRlbGV0ZSI6NjAwMDAwMDAwMDAwfX0=",
          "dependencies": [
            "openstack_networking_network_v2.external_net"
          ]
        }
      ]
    },
    {
      "mode": "managed",
      "type": "openstack_networking_subnet_v2",
      "name": "external_subnet",
      "provider": "provider[\"registry.terraform.io/terraform-provider-openstack/openstack\"]",
      "instances": [
        {
          "schema_version": 0,
          "attributes": {
            "all_tags": [],
            "allocation_pool": [
              {
                "end": "10.0.2.199",
                "start": "10.0.2.150"
              }
            ],
            "allocation_pools": [
              {
                "end": "10.0.2.199",
                "start": "10.0.2.150"
              }
            ],
            "cidr": "10.0.2.0/24",
            "description": "",
            "dns_nameservers": [],
            "enable_dhcp": false,
            "gateway_ip": "10.0.2.1",
            "host_routes": [],
            "id": "430fcf0b-df6d-4a32-bbe1-a52d78b67a75",
            "ip_version": 4,
            "ipv6_address_mode": "",
            "ipv6_ra_mode": "",
            "name": "external_subnet",
            "network_id": "0bc727d6-1c0f-4457-8a8c-57a8f4f8a591",
            "no_gateway": false,
            "prefix_length": null,
            "region": "RegionOne",
            "subnetpool_id": "",
            "tags": [],
            "tenant_id": "24080e3cdec1432dbd6d1e31091af9a0",
            "timeouts": null,
            "value_specs": null
          },
          "sensitive_attributes": [],
          "private": "eyJlMmJmYjczMC1lY2FhLTExZTYtOGY4OC0zNDM2M2JjN2M0YzAiOnsiY3JlYXRlIjo2MDAwMDAwMDAwMDAsImRlbGV0ZSI6NjAwMDAwMDAwMDAwfX0=",
          "dependencies": [
            "openstack_networking_network_v2.external_net"
          ]
        }
      ]
    },
    {
      "mode": "managed",
      "type": "openstack_networking_subnet_v2",
      "name": "kubernetes",
      "provider": "provider[\"registry.terraform.io/terraform-provider-openstack/openstack\"]",
      "instances": [
        {
          "schema_version": 0,
          "attributes": {
            "all_tags": [],
            "allocation_pool": [
              {
                "end": "192.168.199.254",
                "start": "192.168.199.2"
              }
            ],
            "allocation_pools": [
              {
                "end": "192.168.199.254",
                "start": "192.168.199.2"
              }
            ],
            "cidr": "192.168.199.0/24",
            "description": "",
            "dns_nameservers": [],
            "enable_dhcp": true,
            "gateway_ip": "192.168.199.1",
            "host_routes": [],
            "id": "dbe60d41-1a6e-40e2-bb0f-1db815527557",
            "ip_version": 4,
            "ipv6_address_mode": "",
            "ipv6_ra_mode": "",
            "name": "",
            "network_id": "90804797-322b-4344-ae2b-ec5febf6c4dc",
            "no_gateway": false,
            "prefix_length": null,
            "region": "RegionOne",
            "subnetpool_id": "",
            "tags": [],
            "tenant_id": "24080e3cdec1432dbd6d1e31091af9a0",
            "timeouts": null,
            "value_specs": null
          },
          "sensitive_attributes": [],
          "private": "eyJlMmJmYjczMC1lY2FhLTExZTYtOGY4OC0zNDM2M2JjN2M0YzAiOnsiY3JlYXRlIjo2MDAwMDAwMDAwMDAsImRlbGV0ZSI6NjAwMDAwMDAwMDAwfX0=",
          "dependencies": [
            "openstack_networking_network_v2.kubernetes"
          ]
        }
      ]
    },
    {
      "mode": "managed",
      "type": "random_password",
      "name": "bootstrap_token_id",
      "provider": "provider[\"registry.terraform.io/hashicorp/random\"]",
      "instances": [
        {
          "schema_version": 3,
          "attributes": {
            "bcrypt_hash": "$2a$10$soyYTzoEfMouSR1d4OTh9OjT.2V9IaUZjweg3x9L7xs17hHD5V8BG",
            "id": "none",
            "keepers": null,
            "length": 6,
            "lower": true,
            "min_lower": 0,
            "min_numeric": 0,
            "min_special": 0,
            "min_upper": 0,
            "number": true,
            "numeric": true,
            "override_special": null,
            "result": "uebmof",
            "special": false,
            "upper": false
          },
          "sensitive_attributes": []
        }
      ]
    },
    {
      "mode": "managed",
      "type": "random_password",
      "name": "bootstrap_token_secret",
      "provider": "provider[\"registry.terraform.io/hashicorp/random\"]",
      "instances": [
        {
          "schema_version": 3,
          "attributes": {
            "bcrypt_hash": "$2a$10$SmjQ6CuN5jVVRhhntnBJx.f2g19js3zNM9ZovXbZpT/SThJMt5D4i",
            "id": "none",
            "keepers": null,
            "length": 16,
            "lower": true,
            "min_lower": 0,
            "min_numeric": 0,
            "min_special": 0,
            "min_upper": 0,
            "number": true,
            "numeric": true,
            "override_special": null,
            "result": "df68zlt8gy9otkkc",
            "special": false,
            "upper": false
          },
          "sensitive_attributes": []
        }
      ]
    },
    {
      "mode": "managed",
      "type": "random_password",
      "name": "cluster_token",
      "provider": "provider[\"registry.terraform.io/hashicorp/random\"]",
      "instances": [
        {
          "schema_version": 3,
          "attributes": {
            "bcrypt_hash": "$2a$10$HO3WDaPBsngrRkj/btn7guzgWa8xe5DF/7RbFYFfjHtcYH/JFSX46",
            "id": "none",
            "keepers": null,
            "length": 64,
            "lower": true,
            "min_lower": 0,
            "min_numeric": 0,
            "min_special": 0,
            "min_upper": 0,
            "number": true,
            "numeric": true,
            "override_special": null,
            "result": "d8cwGBieJ9ti80xMytnDGa5J3a1FMnoLeGl3fut4BPIx65tdR366yWVhoBQgdjaI",
            "special": false,
            "upper": true
          },
          "sensitive_attributes": []
        }
      ]
    },
    {
      "module": "module.agents[0]",
      "mode": "data",
      "type": "openstack_compute_flavor_v2",
      "name": "k3s",
      "provider": "provider[\"registry.terraform.io/terraform-provider-openstack/openstack\"]",
      "instances": []
    },
    {
      "module": "module.agents[0]",
      "mode": "data",
      "type": "openstack_images_image_v2",
      "name": "k3s",
      "provider": "provider[\"registry.terraform.io/terraform-provider-openstack/openstack\"]",
      "instances": []
    },
    {
      "module": "module.agents[0]",
      "mode": "managed",
      "type": "openstack_blockstorage_volume_v3",
      "name": "data",
      "provider": "provider[\"registry.terraform.io/terraform-provider-openstack/openstack\"]",
      "instances": [
        {
          "index_key": 0,
          "schema_version": 0,
          "attributes": {
            "attachment": [],
            "availability_zone": "nova",
            "consistency_group_id": null,
            "description": "",
            "enable_online_resize": true,
            "id": "70d3d347-71cd-4576-b21c-1a799a435dbd",
            "image_id": null,
            "metadata": {},
            "multiattach": null,
            "name": "k3s-agent-1-data",
            "region": "RegionOne",
            "scheduler_hints": [],
            "size": 5,
            "snapshot_id": "",
            "source_replica": null,
            "source_vol_id": "",
            "timeouts": null,
            "volume_type": "__DEFAULT__"
          },
          "sensitive_attributes": [],
          "private": "eyJlMmJmYjczMC1lY2FhLTExZTYtOGY4OC0zNDM2M2JjN2M0YzAiOnsiY3JlYXRlIjo2MDAwMDAwMDAwMDAsImRlbGV0ZSI6NjAwMDAwMDAwMDAwfX0="
        }
      ]
    },
    {
      "module": "module.agents[0]",
      "mode": "managed",
      "type": "openstack_compute_floatingip_associate_v2",
      "name": "node",
      "provider": "provider[\"registry.terraform.io/terraform-provider-openstack/openstack\"]",
      "instances": [
        {
          "index_key": 0,
          "schema_version": 0,
          "attributes": {
            "fixed_ip": "",
            "floating_ip": "10.0.2.163",
            "id": "10.0.2.163/df737485-c6e7-462b-aa03-c44975606196/",
            "instance_id": "df737485-c6e7-462b-aa03-c44975606196",
            "region": "RegionOne",
            "timeouts": null,
            "wait_until_associated": null
          },
          "sensitive_attributes": [],
          "private": "eyJlMmJmYjczMC1lY2FhLTExZTYtOGY4OC0zNDM2M2JjN2M0YzAiOnsiY3JlYXRlIjo2MDAwMDAwMDAwMDB9fQ==",
          "dependencies": [
            "module.agents.data.openstack_compute_flavor_v2.k3s",
            "module.agents.data.openstack_images_image_v2.k3s",
            "module.agents.openstack_blockstorage_volume_v3.data",
            "module.agents.openstack_compute_instance_v2.node",
            "module.agents.openstack_networking_floatingip_v2.node",
            "module.agents.openstack_networking_port_v2.mgmt",
            "module.server.data.openstack_compute_flavor_v2.k3s",
            "module.server.data.openstack_images_image_v2.k3s",
            "module.server.openstack_blockstorage_volume_v3.data",
            "module.server.openstack_compute_instance_v2.node",
            "module.server.openstack_networking_floatingip_v2.node",
            "module.server.openstack_networking_port_v2.mgmt",
            "openstack_compute_flavor_v2.agent_flavor",
            "openstack_compute_flavor_v2.server_flavor",
            "openstack_compute_keypair_v2.k3s",
            "openstack_images_image_v2.debian",
            "openstack_networking_network_v2.external_net",
            "random_password.bootstrap_token_id",
            "random_password.bootstrap_token_secret",
            "random_password.cluster_token"
          ]
        }
      ]
    },
    {
      "module": "module.agents[0]",
      "mode": "managed",
      "type": "openstack_compute_instance_v2",
      "name": "node",
      "provider": "provider[\"registry.terraform.io/terraform-provider-openstack/openstack\"]",
      "instances": [
        {
          "schema_version": 0,
          "attributes": {
            "access_ip_v4": "192.168.199.243",
            "access_ip_v6": "",
            "admin_pass": null,
            "all_metadata": {},
            "all_tags": [],
            "availability_zone": "nova",
            "availability_zone_hints": null,
            "block_device": [
              {
                "boot_index": 0,
                "delete_on_termination": true,
                "destination_type": "local",
                "device_type": "",
                "disk_bus": "",
                "guest_format": "",
                "source_type": "image",
                "uuid": "071ce768-b7bd-4735-8d9a-61855ffe1600",
                "volume_size": 0,
                "volume_type": ""
              },
              {
                "boot_index": -1,
                "delete_on_termination": false,
                "destination_type": "volume",
                "device_type": "",
                "disk_bus": "",
                "guest_format": "",
                "source_type": "volume",
                "uuid": "70d3d347-71cd-4576-b21c-1a799a435dbd",
                "volume_size": 0,
                "volume_type": ""
              }
            ],
            "config_drive": false,
            "flavor_id": "5ce8e3dc-eeab-4483-b5c6-edd50bd77520",
            "flavor_name": "agent-flavor",
            "floating_ip": null,
            "force_delete": false,
            "id": "df737485-c6e7-462b-aa03-c44975606196",
            "image_id": "071ce768-b7bd-4735-8d9a-61855ffe1600",
            "image_name": "Debian",
            "key_pair": "k3s",
            "metadata": null,
            "name": "k3s-agent-1",
            "network": [
              {
                "access_network": true,
                "fixed_ip_v4": "192.168.199.243",
                "fixed_ip_v6": "",
                "floating_ip": "",
                "mac": "fa:16:3e:92:0f:05",
                "name": "kubernetes",
                "port": "3285fb3f-f3f5-4c31-9679-7627b68c761d",
                "uuid": "90804797-322b-4344-ae2b-ec5febf6c4dc"
              }
            ],
            "network_mode": null,
            "personality": [],
            "power_state": "active",
            "region": "RegionOne",
            "scheduler_hints": [
              {
                "additional_properties": null,
                "build_near_host_ip": "",
                "different_cell": [],
                "different_host": [],
                "group": "",
                "query": [],
                "same_host": [],
                "target_cell": ""
              }
            ],
            "security_groups": [
              "allow-k3s"
            ],
            "stop_before_destroy": false,
            "tags": null,
            "timeouts": null,
            "user_data": "da760817b722234c009f922b628d59b4984ac9fd",
            "vendor_options": [],
            "volume": []
          },
          "sensitive_attributes": [
            [
              {
                "type": "get_attr",
                "value": "user_data"
              }
            ]
          ],
          "private": "eyJlMmJmYjczMC1lY2FhLTExZTYtOGY4OC0zNDM2M2JjN2M0YzAiOnsiY3JlYXRlIjoxODAwMDAwMDAwMDAwLCJkZWxldGUiOjE4MDAwMDAwMDAwMDAsInVwZGF0ZSI6MTgwMDAwMDAwMDAwMH19",
          "dependencies": [
            "module.agents.data.openstack_compute_flavor_v2.k3s",
            "module.agents.data.openstack_images_image_v2.k3s",
            "module.agents.openstack_blockstorage_volume_v3.data",
            "module.agents.openstack_networking_floatingip_v2.node",
            "module.agents.openstack_networking_port_v2.mgmt",
            "module.server.data.openstack_compute_flavor_v2.k3s",
            "module.server.data.openstack_images_image_v2.k3s",
            "module.server.openstack_blockstorage_volume_v3.data",
            "module.server.openstack_compute_instance_v2.node",
            "module.server.openstack_networking_floatingip_v2.node",
            "module.server.openstack_networking_port_v2.mgmt",
            "openstack_compute_flavor_v2.agent_flavor",
            "openstack_compute_flavor_v2.server_flavor",
            "openstack_compute_keypair_v2.k3s",
            "openstack_images_image_v2.debian",
            "openstack_networking_network_v2.external_net",
            "random_password.bootstrap_token_id",
            "random_password.bootstrap_token_secret",
            "random_password.cluster_token"
          ]
        }
      ]
    },
    {
      "module": "module.agents[0]",
      "mode": "managed",
      "type": "openstack_networking_floatingip_v2",
      "name": "node",
      "provider": "provider[\"registry.terraform.io/terraform-provider-openstack/openstack\"]",
      "instances": [
        {
          "index_key": 0,
          "schema_version": 0,
          "attributes": {
            "address": "10.0.2.163",
            "all_tags": [],
            "description": "",
            "dns_domain": "",
            "dns_name": "",
            "fixed_ip": "192.168.199.243",
            "id": "7812c0bf-f863-4fcc-8ce5-ea9a0fe8b13a",
            "pool": "external_network",
            "port_id": "3285fb3f-f3f5-4c31-9679-7627b68c761d",
            "region": "RegionOne",
            "subnet_id": null,
            "subnet_ids": null,
            "tags": [],
            "tenant_id": "24080e3cdec1432dbd6d1e31091af9a0",
            "timeouts": null,
            "value_specs": null
          },
          "sensitive_attributes": [],
          "private": "eyJlMmJmYjczMC1lY2FhLTExZTYtOGY4OC0zNDM2M2JjN2M0YzAiOnsiY3JlYXRlIjo2MDAwMDAwMDAwMDAsImRlbGV0ZSI6NjAwMDAwMDAwMDAwfX0=",
          "dependencies": [
            "openstack_networking_network_v2.external_net"
          ]
        }
      ]
    },
    {
      "module": "module.agents[0]",
      "mode": "managed",
      "type": "openstack_networking_port_v2",
      "name": "mgmt",
      "provider": "provider[\"registry.terraform.io/terraform-provider-openstack/openstack\"]",
      "instances": [
        {
          "schema_version": 0,
          "attributes": {
            "admin_state_up": true,
            "all_fixed_ips": [
              "192.168.199.243"
            ],
            "all_security_group_ids": [
              "c085e709-f5f1-4af1-81a5-cb94c16c10bf"
            ],
            "all_tags": [],
            "allowed_address_pairs": [],
            "binding": [
              {
                "host_id": "",
                "profile": "{}",
                "vif_details": {},
                "vif_type": "unbound",
                "vnic_type": "normal"
              }
            ],
            "description": "",
            "device_id": "",
            "device_owner": "",
            "dns_assignment": [],
            "dns_name": "",
            "extra_dhcp_option": [],
            "fixed_ip": [
              {
                "ip_address": "",
                "subnet_id": "dbe60d41-1a6e-40e2-bb0f-1db815527557"
              }
            ],
            "id": "3285fb3f-f3f5-4c31-9679-7627b68c761d",
            "mac_address": "fa:16:3e:92:0f:05",
            "name": "k3s-agent-1",
            "network_id": "90804797-322b-4344-ae2b-ec5febf6c4dc",
            "no_fixed_ip": null,
            "no_security_groups": null,
            "port_security_enabled": true,
            "qos_policy_id": "",
            "region": "RegionOne",
            "security_group_ids": [
              "c085e709-f5f1-4af1-81a5-cb94c16c10bf"
            ],
            "tags": [],
            "tenant_id": "24080e3cdec1432dbd6d1e31091af9a0",
            "timeouts": null,
            "value_specs": null
          },
          "sensitive_attributes": [],
          "private": "eyJlMmJmYjczMC1lY2FhLTExZTYtOGY4OC0zNDM2M2JjN2M0YzAiOnsiY3JlYXRlIjo2MDAwMDAwMDAwMDAsImRlbGV0ZSI6NjAwMDAwMDAwMDAwfX0=",
          "dependencies": [
            "module.secgroup.openstack_networking_secgroup_v2.k3s",
            "openstack_networking_network_v2.kubernetes",
            "openstack_networking_subnet_v2.kubernetes"
          ]
        }
      ]
    },
    {
      "module": "module.agents[1]",
      "mode": "data",
      "type": "openstack_compute_flavor_v2",
      "name": "k3s",
      "provider": "provider[\"registry.terraform.io/terraform-provider-openstack/openstack\"]",
      "instances": []
    },
    {
      "module": "module.agents[1]",
      "mode": "data",
      "type": "openstack_images_image_v2",
      "name": "k3s",
      "provider": "provider[\"registry.terraform.io/terraform-provider-openstack/openstack\"]",
      "instances": []
    },
    {
      "module": "module.agents[1]",
      "mode": "managed",
      "type": "openstack_blockstorage_volume_v3",
      "name": "data",
      "provider": "provider[\"registry.terraform.io/terraform-provider-openstack/openstack\"]",
      "instances": [
        {
          "index_key": 0,
          "schema_version": 0,
          "attributes": {
            "attachment": [],
            "availability_zone": "nova",
            "consistency_group_id": null,
            "description": "",
            "enable_online_resize": true,
            "id": "d6e6eb02-4847-4c4c-9f53-8a37b29e1354",
            "image_id": null,
            "metadata": {},
            "multiattach": null,
            "name": "k3s-agent-2-data",
            "region": "RegionOne",
            "scheduler_hints": [],
            "size": 5,
            "snapshot_id": "",
            "source_replica": null,
            "source_vol_id": "",
            "timeouts": null,
            "volume_type": "__DEFAULT__"
          },
          "sensitive_attributes": [],
          "private": "eyJlMmJmYjczMC1lY2FhLTExZTYtOGY4OC0zNDM2M2JjN2M0YzAiOnsiY3JlYXRlIjo2MDAwMDAwMDAwMDAsImRlbGV0ZSI6NjAwMDAwMDAwMDAwfX0="
        }
      ]
    },
    {
      "module": "module.agents[1]",
      "mode": "managed",
      "type": "openstack_compute_floatingip_associate_v2",
      "name": "node",
      "provider": "provider[\"registry.terraform.io/terraform-provider-openstack/openstack\"]",
      "instances": [
        {
          "index_key": 0,
          "schema_version": 0,
          "attributes": {
            "fixed_ip": "",
            "floating_ip": "10.0.2.177",
            "id": "10.0.2.177/0f1a9307-9665-4297-b59d-f409604dcda0/",
            "instance_id": "0f1a9307-9665-4297-b59d-f409604dcda0",
            "region": "RegionOne",
            "timeouts": null,
            "wait_until_associated": null
          },
          "sensitive_attributes": [],
          "private": "eyJlMmJmYjczMC1lY2FhLTExZTYtOGY4OC0zNDM2M2JjN2M0YzAiOnsiY3JlYXRlIjo2MDAwMDAwMDAwMDB9fQ==",
          "dependencies": [
            "module.agents.data.openstack_compute_flavor_v2.k3s",
            "module.agents.data.openstack_images_image_v2.k3s",
            "module.agents.openstack_blockstorage_volume_v3.data",
            "module.agents.openstack_compute_instance_v2.node",
            "module.agents.openstack_networking_floatingip_v2.node",
            "module.agents.openstack_networking_port_v2.mgmt",
            "module.server.data.openstack_compute_flavor_v2.k3s",
            "module.server.data.openstack_images_image_v2.k3s",
            "module.server.openstack_blockstorage_volume_v3.data",
            "module.server.openstack_compute_instance_v2.node",
            "module.server.openstack_networking_floatingip_v2.node",
            "module.server.openstack_networking_port_v2.mgmt",
            "openstack_compute_flavor_v2.agent_flavor",
            "openstack_compute_flavor_v2.server_flavor",
            "openstack_compute_keypair_v2.k3s",
            "openstack_images_image_v2.debian",
            "openstack_networking_network_v2.external_net",
            "random_password.bootstrap_token_id",
            "random_password.bootstrap_token_secret",
            "random_password.cluster_token"
          ]
        }
      ]
    },
    {
      "module": "module.agents[1]",
      "mode": "managed",
      "type": "openstack_compute_instance_v2",
      "name": "node",
      "provider": "provider[\"registry.terraform.io/terraform-provider-openstack/openstack\"]",
      "instances": [
        {
          "schema_version": 0,
          "attributes": {
            "access_ip_v4": "192.168.199.208",
            "access_ip_v6": "",
            "admin_pass": null,
            "all_metadata": {},
            "all_tags": [],
            "availability_zone": "nova",
            "availability_zone_hints": null,
            "block_device": [
              {
                "boot_index": 0,
                "delete_on_termination": true,
                "destination_type": "local",
                "device_type": "",
                "disk_bus": "",
                "guest_format": "",
                "source_type": "image",
                "uuid": "071ce768-b7bd-4735-8d9a-61855ffe1600",
                "volume_size": 0,
                "volume_type": ""
              },
              {
                "boot_index": -1,
                "delete_on_termination": false,
                "destination_type": "volume",
                "device_type": "",
                "disk_bus": "",
                "guest_format": "",
                "source_type": "volume",
                "uuid": "d6e6eb02-4847-4c4c-9f53-8a37b29e1354",
                "volume_size": 0,
                "volume_type": ""
              }
            ],
            "config_drive": false,
            "flavor_id": "5ce8e3dc-eeab-4483-b5c6-edd50bd77520",
            "flavor_name": "agent-flavor",
            "floating_ip": null,
            "force_delete": false,
            "id": "0f1a9307-9665-4297-b59d-f409604dcda0",
            "image_id": "071ce768-b7bd-4735-8d9a-61855ffe1600",
            "image_name": "Debian",
            "key_pair": "k3s",
            "metadata": null,
            "name": "k3s-agent-2",
            "network": [
              {
                "access_network": true,
                "fixed_ip_v4": "192.168.199.208",
                "fixed_ip_v6": "",
                "floating_ip": "",
                "mac": "fa:16:3e:c3:81:11",
                "name": "kubernetes",
                "port": "5aa16fdf-628a-479a-a6cd-3029d84b9148",
                "uuid": "90804797-322b-4344-ae2b-ec5febf6c4dc"
              }
            ],
            "network_mode": null,
            "personality": [],
            "power_state": "active",
            "region": "RegionOne",
            "scheduler_hints": [
              {
                "additional_properties": null,
                "build_near_host_ip": "",
                "different_cell": [],
                "different_host": [],
                "group": "",
                "query": [],
                "same_host": [],
                "target_cell": ""
              }
            ],
            "security_groups": [
              "allow-k3s"
            ],
            "stop_before_destroy": false,
            "tags": null,
            "timeouts": null,
            "user_data": "44a0f18af937d4ee246b585794cbf20494c6b33e",
            "vendor_options": [],
            "volume": []
          },
          "sensitive_attributes": [
            [
              {
                "type": "get_attr",
                "value": "user_data"
              }
            ]
          ],
          "private": "eyJlMmJmYjczMC1lY2FhLTExZTYtOGY4OC0zNDM2M2JjN2M0YzAiOnsiY3JlYXRlIjoxODAwMDAwMDAwMDAwLCJkZWxldGUiOjE4MDAwMDAwMDAwMDAsInVwZGF0ZSI6MTgwMDAwMDAwMDAwMH19",
          "dependencies": [
            "module.agents.data.openstack_compute_flavor_v2.k3s",
            "module.agents.data.openstack_images_image_v2.k3s",
            "module.agents.openstack_blockstorage_volume_v3.data",
            "module.agents.openstack_networking_floatingip_v2.node",
            "module.agents.openstack_networking_port_v2.mgmt",
            "module.server.data.openstack_compute_flavor_v2.k3s",
            "module.server.data.openstack_images_image_v2.k3s",
            "module.server.openstack_blockstorage_volume_v3.data",
            "module.server.openstack_compute_instance_v2.node",
            "module.server.openstack_networking_floatingip_v2.node",
            "module.server.openstack_networking_port_v2.mgmt",
            "openstack_compute_flavor_v2.agent_flavor",
            "openstack_compute_flavor_v2.server_flavor",
            "openstack_compute_keypair_v2.k3s",
            "openstack_images_image_v2.debian",
            "openstack_networking_network_v2.external_net",
            "random_password.bootstrap_token_id",
            "random_password.bootstrap_token_secret",
            "random_password.cluster_token"
          ]
        }
      ]
    },
    {
      "module": "module.agents[1]",
      "mode": "managed",
      "type": "openstack_networking_floatingip_v2",
      "name": "node",
      "provider": "provider[\"registry.terraform.io/terraform-provider-openstack/openstack\"]",
      "instances": [
        {
          "index_key": 0,
          "schema_version": 0,
          "attributes": {
            "address": "10.0.2.177",
            "all_tags": [],
            "description": "",
            "dns_domain": "",
            "dns_name": "",
            "fixed_ip": "192.168.199.208",
            "id": "c33a9f23-a111-4909-9079-253ba9beca4d",
            "pool": "external_network",
            "port_id": "5aa16fdf-628a-479a-a6cd-3029d84b9148",
            "region": "RegionOne",
            "subnet_id": null,
            "subnet_ids": null,
            "tags": [],
            "tenant_id": "24080e3cdec1432dbd6d1e31091af9a0",
            "timeouts": null,
            "value_specs": null
          },
          "sensitive_attributes": [],
          "private": "eyJlMmJmYjczMC1lY2FhLTExZTYtOGY4OC0zNDM2M2JjN2M0YzAiOnsiY3JlYXRlIjo2MDAwMDAwMDAwMDAsImRlbGV0ZSI6NjAwMDAwMDAwMDAwfX0=",
          "dependencies": [
            "openstack_networking_network_v2.external_net"
          ]
        }
      ]
    },
    {
      "module": "module.agents[1]",
      "mode": "managed",
      "type": "openstack_networking_port_v2",
      "name": "mgmt",
      "provider": "provider[\"registry.terraform.io/terraform-provider-openstack/openstack\"]",
      "instances": [
        {
          "schema_version": 0,
          "attributes": {
            "admin_state_up": true,
            "all_fixed_ips": [
              "192.168.199.208"
            ],
            "all_security_group_ids": [
              "c085e709-f5f1-4af1-81a5-cb94c16c10bf"
            ],
            "all_tags": [],
            "allowed_address_pairs": [],
            "binding": [
              {
                "host_id": "",
                "profile": "{}",
                "vif_details": {},
                "vif_type": "unbound",
                "vnic_type": "normal"
              }
            ],
            "description": "",
            "device_id": "",
            "device_owner": "",
            "dns_assignment": [],
            "dns_name": "",
            "extra_dhcp_option": [],
            "fixed_ip": [
              {
                "ip_address": "",
                "subnet_id": "dbe60d41-1a6e-40e2-bb0f-1db815527557"
              }
            ],
            "id": "5aa16fdf-628a-479a-a6cd-3029d84b9148",
            "mac_address": "fa:16:3e:c3:81:11",
            "name": "k3s-agent-2",
            "network_id": "90804797-322b-4344-ae2b-ec5febf6c4dc",
            "no_fixed_ip": null,
            "no_security_groups": null,
            "port_security_enabled": true,
            "qos_policy_id": "",
            "region": "RegionOne",
            "security_group_ids": [
              "c085e709-f5f1-4af1-81a5-cb94c16c10bf"
            ],
            "tags": [],
            "tenant_id": "24080e3cdec1432dbd6d1e31091af9a0",
            "timeouts": null,
            "value_specs": null
          },
          "sensitive_attributes": [],
          "private": "eyJlMmJmYjczMC1lY2FhLTExZTYtOGY4OC0zNDM2M2JjN2M0YzAiOnsiY3JlYXRlIjo2MDAwMDAwMDAwMDAsImRlbGV0ZSI6NjAwMDAwMDAwMDAwfX0=",
          "dependencies": [
            "module.secgroup.openstack_networking_secgroup_v2.k3s",
            "openstack_networking_network_v2.kubernetes",
            "openstack_networking_subnet_v2.kubernetes"
          ]
        }
      ]
    },
    {
      "module": "module.secgroup",
      "mode": "managed",
      "type": "openstack_networking_secgroup_rule_v2",
      "name": "internal_icmp",
      "provider": "provider[\"registry.terraform.io/terraform-provider-openstack/openstack\"]",
      "instances": [
        {
          "schema_version": 0,
          "attributes": {
            "description": "",
            "direction": "ingress",
            "ethertype": "IPv4",
            "id": "59003b18-082e-4b05-bbdf-2a29d4ba5987",
            "port_range_max": 0,
            "port_range_min": 0,
            "protocol": "icmp",
            "region": "RegionOne",
            "remote_group_id": "c085e709-f5f1-4af1-81a5-cb94c16c10bf",
            "remote_ip_prefix": "",
            "security_group_id": "c085e709-f5f1-4af1-81a5-cb94c16c10bf",
            "tenant_id": "24080e3cdec1432dbd6d1e31091af9a0",
            "timeouts": null
          },
          "sensitive_attributes": [],
          "private": "eyJlMmJmYjczMC1lY2FhLTExZTYtOGY4OC0zNDM2M2JjN2M0YzAiOnsiZGVsZXRlIjo2MDAwMDAwMDAwMDB9fQ==",
          "dependencies": [
            "module.secgroup.openstack_networking_secgroup_v2.k3s"
          ]
        }
      ]
    },
    {
      "module": "module.secgroup",
      "mode": "managed",
      "type": "openstack_networking_secgroup_rule_v2",
      "name": "internal_tcp",
      "provider": "provider[\"registry.terraform.io/terraform-provider-openstack/openstack\"]",
      "instances": [
        {
          "schema_version": 0,
          "attributes": {
            "description": "",
            "direction": "ingress",
            "ethertype": "IPv4",
            "id": "74a7bf10-8e7f-44b0-9c92-1f5660af4aee",
            "port_range_max": 0,
            "port_range_min": 0,
            "protocol": "tcp",
            "region": "RegionOne",
            "remote_group_id": "c085e709-f5f1-4af1-81a5-cb94c16c10bf",
            "remote_ip_prefix": "",
            "security_group_id": "c085e709-f5f1-4af1-81a5-cb94c16c10bf",
            "tenant_id": "24080e3cdec1432dbd6d1e31091af9a0",
            "timeouts": null
          },
          "sensitive_attributes": [],
          "private": "eyJlMmJmYjczMC1lY2FhLTExZTYtOGY4OC0zNDM2M2JjN2M0YzAiOnsiZGVsZXRlIjo2MDAwMDAwMDAwMDB9fQ==",
          "dependencies": [
            "module.secgroup.openstack_networking_secgroup_v2.k3s"
          ]
        }
      ]
    },
    {
      "module": "module.secgroup",
      "mode": "managed",
      "type": "openstack_networking_secgroup_rule_v2",
      "name": "internal_udp",
      "provider": "provider[\"registry.terraform.io/terraform-provider-openstack/openstack\"]",
      "instances": [
        {
          "schema_version": 0,
          "attributes": {
            "description": "",
            "direction": "ingress",
            "ethertype": "IPv4",
            "id": "c331474a-53c6-47a3-a19f-8bd10ff0c145",
            "port_range_max": 0,
            "port_range_min": 0,
            "protocol": "udp",
            "region": "RegionOne",
            "remote_group_id": "c085e709-f5f1-4af1-81a5-cb94c16c10bf",
            "remote_ip_prefix": "",
            "security_group_id": "c085e709-f5f1-4af1-81a5-cb94c16c10bf",
            "tenant_id": "24080e3cdec1432dbd6d1e31091af9a0",
            "timeouts": null
          },
          "sensitive_attributes": [],
          "private": "eyJlMmJmYjczMC1lY2FhLTExZTYtOGY4OC0zNDM2M2JjN2M0YzAiOnsiZGVsZXRlIjo2MDAwMDAwMDAwMDB9fQ==",
          "dependencies": [
            "module.secgroup.openstack_networking_secgroup_v2.k3s"
          ]
        }
      ]
    },
    {
      "module": "module.secgroup",
      "mode": "managed",
      "type": "openstack_networking_secgroup_rule_v2",
      "name": "kubernetes_api",
      "provider": "provider[\"registry.terraform.io/terraform-provider-openstack/openstack\"]",
      "instances": [
        {
          "schema_version": 0,
          "attributes": {
            "description": "",
            "direction": "ingress",
            "ethertype": "IPv4",
            "id": "6b6770bd-71c3-485a-ae47-9fed9480ec34",
            "port_range_max": 6443,
            "port_range_min": 6443,
            "protocol": "tcp",
            "region": "RegionOne",
            "remote_group_id": "",
            "remote_ip_prefix": "0.0.0.0/0",
            "security_group_id": "c085e709-f5f1-4af1-81a5-cb94c16c10bf",
            "tenant_id": "24080e3cdec1432dbd6d1e31091af9a0",
            "timeouts": null
          },
          "sensitive_attributes": [],
          "private": "eyJlMmJmYjczMC1lY2FhLTExZTYtOGY4OC0zNDM2M2JjN2M0YzAiOnsiZGVsZXRlIjo2MDAwMDAwMDAwMDB9fQ==",
          "dependencies": [
            "module.secgroup.openstack_networking_secgroup_v2.k3s"
          ]
        }
      ]
    },
    {
      "module": "module.secgroup",
      "mode": "managed",
      "type": "openstack_networking_secgroup_rule_v2",
      "name": "kubernetes_node_ports_tcp",
      "provider": "provider[\"registry.terraform.io/terraform-provider-openstack/openstack\"]",
      "instances": [
        {
          "schema_version": 0,
          "attributes": {
            "description": "",
            "direction": "ingress",
            "ethertype": "IPv4",
            "id": "9ed28fac-816e-4d0c-91ec-f54dfd4e91a7",
            "port_range_max": 32767,
            "port_range_min": 30000,
            "protocol": "tcp",
            "region": "RegionOne",
            "remote_group_id": "",
            "remote_ip_prefix": "0.0.0.0/0",
            "security_group_id": "c085e709-f5f1-4af1-81a5-cb94c16c10bf",
            "tenant_id": "24080e3cdec1432dbd6d1e31091af9a0",
            "timeouts": null
          },
          "sensitive_attributes": [],
          "private": "eyJlMmJmYjczMC1lY2FhLTExZTYtOGY4OC0zNDM2M2JjN2M0YzAiOnsiZGVsZXRlIjo2MDAwMDAwMDAwMDB9fQ==",
          "dependencies": [
            "module.secgroup.openstack_networking_secgroup_v2.k3s"
          ]
        }
      ]
    },
    {
      "module": "module.secgroup",
      "mode": "managed",
      "type": "openstack_networking_secgroup_rule_v2",
      "name": "kubernetes_node_ports_udp",
      "provider": "provider[\"registry.terraform.io/terraform-provider-openstack/openstack\"]",
      "instances": [
        {
          "schema_version": 0,
          "attributes": {
            "description": "",
            "direction": "ingress",
            "ethertype": "IPv4",
            "id": "95de1a0a-580c-425f-82bd-cf8054f126e1",
            "port_range_max": 32767,
            "port_range_min": 30000,
            "protocol": "udp",
            "region": "RegionOne",
            "remote_group_id": "",
            "remote_ip_prefix": "0.0.0.0/0",
            "security_group_id": "c085e709-f5f1-4af1-81a5-cb94c16c10bf",
            "tenant_id": "24080e3cdec1432dbd6d1e31091af9a0",
            "timeouts": null
          },
          "sensitive_attributes": [],
          "private": "eyJlMmJmYjczMC1lY2FhLTExZTYtOGY4OC0zNDM2M2JjN2M0YzAiOnsiZGVsZXRlIjo2MDAwMDAwMDAwMDB9fQ==",
          "dependencies": [
            "module.secgroup.openstack_networking_secgroup_v2.k3s"
          ]
        }
      ]
    },
    {
      "module": "module.secgroup",
      "mode": "managed",
      "type": "openstack_networking_secgroup_rule_v2",
      "name": "ssh",
      "provider": "provider[\"registry.terraform.io/terraform-provider-openstack/openstack\"]",
      "instances": [
        {
          "schema_version": 0,
          "attributes": {
            "description": "",
            "direction": "ingress",
            "ethertype": "IPv4",
            "id": "a47c5d86-6c8d-400b-a6ec-9debbf8e77ea",
            "port_range_max": 22,
            "port_range_min": 22,
            "protocol": "tcp",
            "region": "RegionOne",
            "remote_group_id": "",
            "remote_ip_prefix": "0.0.0.0/0",
            "security_group_id": "c085e709-f5f1-4af1-81a5-cb94c16c10bf",
            "tenant_id": "24080e3cdec1432dbd6d1e31091af9a0",
            "timeouts": null
          },
          "sensitive_attributes": [],
          "private": "eyJlMmJmYjczMC1lY2FhLTExZTYtOGY4OC0zNDM2M2JjN2M0YzAiOnsiZGVsZXRlIjo2MDAwMDAwMDAwMDB9fQ==",
          "dependencies": [
            "module.secgroup.openstack_networking_secgroup_v2.k3s"
          ]
        }
      ]
    },
    {
      "module": "module.secgroup",
      "mode": "managed",
      "type": "openstack_networking_secgroup_v2",
      "name": "k3s",
      "provider": "provider[\"registry.terraform.io/terraform-provider-openstack/openstack\"]",
      "instances": [
        {
          "index_key": 0,
          "schema_version": 0,
          "attributes": {
            "all_tags": [],
            "delete_default_rules": null,
            "description": "allow k3s services",
            "id": "c085e709-f5f1-4af1-81a5-cb94c16c10bf",
            "name": "allow-k3s",
            "region": "RegionOne",
            "tags": [],
            "tenant_id": "24080e3cdec1432dbd6d1e31091af9a0",
            "timeouts": null
          },
          "sensitive_attributes": [],
          "private": "eyJlMmJmYjczMC1lY2FhLTExZTYtOGY4OC0zNDM2M2JjN2M0YzAiOnsiZGVsZXRlIjo2MDAwMDAwMDAwMDB9fQ=="
        }
      ]
    },
    {
      "module": "module.server",
      "mode": "data",
      "type": "openstack_compute_flavor_v2",
      "name": "k3s",
      "provider": "provider[\"registry.terraform.io/terraform-provider-openstack/openstack\"]",
      "instances": []
    },
    {
      "module": "module.server",
      "mode": "data",
      "type": "openstack_images_image_v2",
      "name": "k3s",
      "provider": "provider[\"registry.terraform.io/terraform-provider-openstack/openstack\"]",
      "instances": []
    },
    {
      "module": "module.server",
      "mode": "managed",
      "type": "openstack_blockstorage_volume_v3",
      "name": "data",
      "provider": "provider[\"registry.terraform.io/terraform-provider-openstack/openstack\"]",
      "instances": [
        {
          "index_key": 0,
          "schema_version": 0,
          "attributes": {
            "attachment": [],
            "availability_zone": "nova",
            "consistency_group_id": null,
            "description": "",
            "enable_online_resize": true,
            "id": "47ece5f6-3818-4123-ac8d-e2c3771c9626",
            "image_id": null,
            "metadata": {},
            "multiattach": null,
            "name": "k3s-server-data",
            "region": "RegionOne",
            "scheduler_hints": [],
            "size": 1,
            "snapshot_id": "",
            "source_replica": null,
            "source_vol_id": "",
            "timeouts": null,
            "volume_type": "__DEFAULT__"
          },
          "sensitive_attributes": [],
          "private": "eyJlMmJmYjczMC1lY2FhLTExZTYtOGY4OC0zNDM2M2JjN2M0YzAiOnsiY3JlYXRlIjo2MDAwMDAwMDAwMDAsImRlbGV0ZSI6NjAwMDAwMDAwMDAwfX0="
        }
      ]
    },
    {
      "module": "module.server",
      "mode": "managed",
      "type": "openstack_compute_floatingip_associate_v2",
      "name": "node",
      "provider": "provider[\"registry.terraform.io/terraform-provider-openstack/openstack\"]",
      "instances": [
        {
          "index_key": 0,
          "schema_version": 0,
          "attributes": {
            "fixed_ip": "",
            "floating_ip": "10.0.2.169",
            "id": "10.0.2.169/4927e910-54d5-46dc-85cf-4562aac2f256/",
            "instance_id": "4927e910-54d5-46dc-85cf-4562aac2f256",
            "region": "RegionOne",
            "timeouts": null,
            "wait_until_associated": null
          },
          "sensitive_attributes": [],
          "private": "eyJlMmJmYjczMC1lY2FhLTExZTYtOGY4OC0zNDM2M2JjN2M0YzAiOnsiY3JlYXRlIjo2MDAwMDAwMDAwMDB9fQ==",
          "dependencies": [
            "module.server.data.openstack_compute_flavor_v2.k3s",
            "module.server.data.openstack_images_image_v2.k3s",
            "module.server.openstack_blockstorage_volume_v3.data",
            "module.server.openstack_compute_instance_v2.node",
            "module.server.openstack_networking_floatingip_v2.node",
            "module.server.openstack_networking_port_v2.mgmt",
            "openstack_compute_flavor_v2.server_flavor",
            "openstack_compute_keypair_v2.k3s",
            "openstack_images_image_v2.debian",
            "openstack_networking_network_v2.external_net",
            "random_password.bootstrap_token_id",
            "random_password.bootstrap_token_secret",
            "random_password.cluster_token"
          ]
        }
      ]
    },
    {
      "module": "module.server",
      "mode": "managed",
      "type": "openstack_compute_instance_v2",
      "name": "node",
      "provider": "provider[\"registry.terraform.io/terraform-provider-openstack/openstack\"]",
      "instances": [
        {
          "schema_version": 0,
          "attributes": {
            "access_ip_v4": "192.168.199.67",
            "access_ip_v6": "",
            "admin_pass": null,
            "all_metadata": {},
            "all_tags": [],
            "availability_zone": "nova",
            "availability_zone_hints": null,
            "block_device": [
              {
                "boot_index": 0,
                "delete_on_termination": true,
                "destination_type": "local",
                "device_type": "",
                "disk_bus": "",
                "guest_format": "",
                "source_type": "image",
                "uuid": "071ce768-b7bd-4735-8d9a-61855ffe1600",
                "volume_size": 0,
                "volume_type": ""
              },
              {
                "boot_index": -1,
                "delete_on_termination": false,
                "destination_type": "volume",
                "device_type": "",
                "disk_bus": "",
                "guest_format": "",
                "source_type": "volume",
                "uuid": "47ece5f6-3818-4123-ac8d-e2c3771c9626",
                "volume_size": 0,
                "volume_type": ""
              }
            ],
            "config_drive": false,
            "flavor_id": "43aadfe5-ffa5-459f-b005-615bf238ae5a",
            "flavor_name": "server-flavor",
            "floating_ip": null,
            "force_delete": false,
            "id": "4927e910-54d5-46dc-85cf-4562aac2f256",
            "image_id": "071ce768-b7bd-4735-8d9a-61855ffe1600",
            "image_name": "Debian",
            "key_pair": "k3s",
            "metadata": null,
            "name": "k3s-server",
            "network": [
              {
                "access_network": true,
                "fixed_ip_v4": "192.168.199.67",
                "fixed_ip_v6": "",
                "floating_ip": "",
                "mac": "fa:16:3e:36:59:be",
                "name": "kubernetes",
                "port": "a6e9a063-244b-4fd7-a7e9-a8901d1ed7f1",
                "uuid": "90804797-322b-4344-ae2b-ec5febf6c4dc"
              }
            ],
            "network_mode": null,
            "personality": [],
            "power_state": "active",
            "region": "RegionOne",
            "scheduler_hints": [
              {
                "additional_properties": null,
                "build_near_host_ip": "",
                "different_cell": [],
                "different_host": [],
                "group": "",
                "query": [],
                "same_host": [],
                "target_cell": ""
              }
            ],
            "security_groups": [
              "allow-k3s"
            ],
            "stop_before_destroy": false,
            "tags": null,
            "timeouts": null,
            "user_data": "4464097682110fdf9767d11da1146b9de1347fb0",
            "vendor_options": [],
            "volume": []
          },
          "sensitive_attributes": [
            [
              {
                "type": "get_attr",
                "value": "user_data"
              }
            ]
          ],
          "private": "eyJlMmJmYjczMC1lY2FhLTExZTYtOGY4OC0zNDM2M2JjN2M0YzAiOnsiY3JlYXRlIjoxODAwMDAwMDAwMDAwLCJkZWxldGUiOjE4MDAwMDAwMDAwMDAsInVwZGF0ZSI6MTgwMDAwMDAwMDAwMH19",
          "dependencies": [
            "module.server.data.openstack_compute_flavor_v2.k3s",
            "module.server.data.openstack_images_image_v2.k3s",
            "module.server.openstack_blockstorage_volume_v3.data",
            "module.server.openstack_networking_floatingip_v2.node",
            "module.server.openstack_networking_port_v2.mgmt",
            "openstack_compute_flavor_v2.server_flavor",
            "openstack_compute_keypair_v2.k3s",
            "openstack_images_image_v2.debian",
            "openstack_networking_network_v2.external_net",
            "random_password.bootstrap_token_id",
            "random_password.bootstrap_token_secret",
            "random_password.cluster_token"
          ]
        }
      ]
    },
    {
      "module": "module.server",
      "mode": "managed",
      "type": "openstack_networking_floatingip_v2",
      "name": "node",
      "provider": "provider[\"registry.terraform.io/terraform-provider-openstack/openstack\"]",
      "instances": [
        {
          "index_key": 0,
          "schema_version": 0,
          "attributes": {
            "address": "10.0.2.169",
            "all_tags": [],
            "description": "",
            "dns_domain": "",
            "dns_name": "",
            "fixed_ip": "192.168.199.67",
            "id": "f8c02bb2-c47c-4437-be90-9e3b923e5cda",
            "pool": "external_network",
            "port_id": "a6e9a063-244b-4fd7-a7e9-a8901d1ed7f1",
            "region": "RegionOne",
            "subnet_id": null,
            "subnet_ids": null,
            "tags": [],
            "tenant_id": "24080e3cdec1432dbd6d1e31091af9a0",
            "timeouts": null,
            "value_specs": null
          },
          "sensitive_attributes": [],
          "private": "eyJlMmJmYjczMC1lY2FhLTExZTYtOGY4OC0zNDM2M2JjN2M0YzAiOnsiY3JlYXRlIjo2MDAwMDAwMDAwMDAsImRlbGV0ZSI6NjAwMDAwMDAwMDAwfX0=",
          "dependencies": [
            "openstack_networking_network_v2.external_net"
          ]
        }
      ]
    },
    {
      "module": "module.server",
      "mode": "managed",
      "type": "openstack_networking_port_v2",
      "name": "mgmt",
      "provider": "provider[\"registry.terraform.io/terraform-provider-openstack/openstack\"]",
      "instances": [
        {
          "schema_version": 0,
          "attributes": {
            "admin_state_up": true,
            "all_fixed_ips": [
              "192.168.199.67"
            ],
            "all_security_group_ids": [
              "c085e709-f5f1-4af1-81a5-cb94c16c10bf"
            ],
            "all_tags": [],
            "allowed_address_pairs": [],
            "binding": [
              {
                "host_id": "",
                "profile": "{}",
                "vif_details": {},
                "vif_type": "unbound",
                "vnic_type": "normal"
              }
            ],
            "description": "",
            "device_id": "",
            "device_owner": "",
            "dns_assignment": [],
            "dns_name": "",
            "extra_dhcp_option": [],
            "fixed_ip": [
              {
                "ip_address": "",
                "subnet_id": "dbe60d41-1a6e-40e2-bb0f-1db815527557"
              }
            ],
            "id": "a6e9a063-244b-4fd7-a7e9-a8901d1ed7f1",
            "mac_address": "fa:16:3e:36:59:be",
            "name": "k3s-server",
            "network_id": "90804797-322b-4344-ae2b-ec5febf6c4dc",
            "no_fixed_ip": null,
            "no_security_groups": null,
            "port_security_enabled": true,
            "qos_policy_id": "",
            "region": "RegionOne",
            "security_group_ids": [
              "c085e709-f5f1-4af1-81a5-cb94c16c10bf"
            ],
            "tags": [],
            "tenant_id": "24080e3cdec1432dbd6d1e31091af9a0",
            "timeouts": null,
            "value_specs": null
          },
          "sensitive_attributes": [],
          "private": "eyJlMmJmYjczMC1lY2FhLTExZTYtOGY4OC0zNDM2M2JjN2M0YzAiOnsiY3JlYXRlIjo2MDAwMDAwMDAwMDAsImRlbGV0ZSI6NjAwMDAwMDAwMDAwfX0=",
          "dependencies": [
            "module.secgroup.openstack_networking_secgroup_v2.k3s",
            "openstack_networking_network_v2.kubernetes",
            "openstack_networking_subnet_v2.kubernetes"
          ]
        }
      ]
    }
  ],
  "check_results": null
}
