{
  "version": 4,
  "terraform_version": "1.4.5",
  "serial": 36,
  "lineage": "545a0175-b368-c21f-5594-3b1ea9965fa9",
  "outputs": {
    "ca_crt": {
      "value": "-----BEGIN CERTIFICATE-----\nMIIBdzCCAR2gAwIBAgIBADAKBggqhkjOPQQDAjAjMSEwHwYDVQQDDBhrM3Mtc2Vy\ndmVyLWNhQDE2ODUzNzU4NjgwHhcNMjMwNTI5MTU1NzQ4WhcNMzMwNTI2MTU1NzQ4\nWjAjMSEwHwYDVQQDDBhrM3Mtc2VydmVyLWNhQDE2ODUzNzU4NjgwWTATBgcqhkjO\nPQIBBggqhkjOPQMBBwNCAAQQhqb5Bg2zKkQPry1U1iVOI/C2MVwJcW94a4xEzE2I\nohghhlWYRYlhayO+53Rq5+86lZ6o9dJ8u/HIDtOS7ajpo0IwQDAOBgNVHQ8BAf8E\nBAMCAqQwDwYDVR0TAQH/BAUwAwEB/zAdBgNVHQ4EFgQUZ8XdhX0qexF6Ijb6s9ka\n3PnfSxswCgYIKoZIzj0EAwIDSAAwRQIhAOAaQp9BsM8RTzQ2LcvpCAbFyPZCFr5Q\n/TLocSZmGCvrAiB9OF1uRsoE8F8Ecz0a4o+CWENiqTiLoCGABCPI/c6WJw==\n-----END CERTIFICATE-----\n",
      "type": "string"
    },
    "cluster_token": {
      "value": "JtVBagwq8mDjng6vuF9guyxau62W1MtWNeJ1OCa36GlPHVcFjlzy4A5GFBVH0PDX",
      "type": "string",
      "sensitive": true
    },
    "k3s_external_url": {
      "value": "https://10.0.2.150:6443",
      "type": "string"
    },
    "k3s_url": {
      "value": "https://192.168.199.132:6443",
      "type": "string"
    },
    "kubeconfig": {
      "value": "apiVersion: v1\nclusters:\n- cluster:\n    certificate-authority-data: LS0tLS1CRUdJTiBDRVJUSUZJQ0FURS0tLS0tCk1JSUJkekNDQVIyZ0F3SUJBZ0lCQURBS0JnZ3Foa2pPUFFRREFqQWpNU0V3SHdZRFZRUUREQmhyTTNNdGMyVnkKZG1WeUxXTmhRREUyT0RVek56VTROamd3SGhjTk1qTXdOVEk1TVRVMU56UTRXaGNOTXpNd05USTJNVFUxTnpRNApXakFqTVNFd0h3WURWUVFEREJock0zTXRjMlZ5ZG1WeUxXTmhRREUyT0RVek56VTROamd3V1RBVEJnY3Foa2pPClBRSUJCZ2dxaGtqT1BRTUJCd05DQUFRUWhxYjVCZzJ6S2tRUHJ5MVUxaVZPSS9DMk1Wd0pjVzk0YTR4RXpFMkkKb2hnaGhsV1lSWWxoYXlPKzUzUnE1Kzg2bFo2bzlkSjh1L0hJRHRPUzdhanBvMEl3UURBT0JnTlZIUThCQWY4RQpCQU1DQXFRd0R3WURWUjBUQVFIL0JBVXdBd0VCL3pBZEJnTlZIUTRFRmdRVVo4WGRoWDBxZXhGNklqYjZzOWthCjNQbmZTeHN3Q2dZSUtvWkl6ajBFQXdJRFNBQXdSUUloQU9BYVFwOUJzTThSVHpRMkxjdnBDQWJGeVBaQ0ZyNVEKL1RMb2NTWm1HQ3ZyQWlCOU9GMXVSc29FOEY4RWN6MGE0bytDV0VOaXFUaUxvQ0dBQkNQSS9jNldKdz09Ci0tLS0tRU5EIENFUlRJRklDQVRFLS0tLS0K\n    server: https://10.0.2.150:6443\n  name: default-cluster\ncontexts:\n- context:\n    cluster: default-cluster\n    namespace: default\n    user: default\n  name: default-context\ncurrent-context: default-context\nkind: Config\npreferences: {}\nusers:\n- name: default\n  user:\n    token: 8al06q.hnpef08j83sc39ep\n",
      "type": "string",
      "sensitive": true
    },
    "server_external_ip": {
      "value": "10.0.2.150",
      "type": "string"
    },
    "server_ip": {
      "value": "192.168.199.132",
      "type": "string"
    },
    "server_user_data": {
      "value": "#cloud-config\n\nfs_setup:\n  - label: k3s-data\n    filesystem: ext4\n    device: /dev/vdb\n\nmounts:\n  - [LABEL=k3s-data, /mnt/persistent]\n\nwrite_files:\n  - path: /root/k3s.env\n    content: SzNTX1RPS0VOPUp0VkJhZ3dxOG1Eam5nNnZ1RjlndXl4YXU2MlcxTXRXTmVKMU9DYTM2R2xQSFZjRmpsenk0QTVHRkJWSDBQRFgKSzNTX1VSTD0KSU5TVEFMTF9LM1NfRVhFQz0ic2VydmVyIC0tY2x1c3Rlci1pbml0IC0ta3ViZS1hcGlzZXJ2ZXItYXJnIGVuYWJsZS1ib290c3RyYXAtdG9rZW4tYXV0aCAtLWRpc2FibGUgdHJhZWZpayAtLW5vZGUtbGFiZWwgYXo9bm92YSIKICAgICAgSU5TVEFMTF9LM1NfQ0hBTk5FTD1zdGFibGUK\n    encoding: b64\n  - path: /root/k3s-bootstrap.yaml\n    content: LS0tCmFwaVZlcnNpb246IHYxCmtpbmQ6IFNlY3JldAptZXRhZGF0YToKICBuYW1lOiBib290c3RyYXAtdG9rZW4tOGFsMDZxCiAgbmFtZXNwYWNlOiBrdWJlLXN5c3RlbQoKdHlwZTogYm9vdHN0cmFwLmt1YmVybmV0ZXMuaW8vdG9rZW4Kc3RyaW5nRGF0YToKICBkZXNjcmlwdGlvbjogImJvb3RzdHJhcCB0b2tlbiIKCiAgdG9rZW4taWQ6IDhhbDA2cQogIHRva2VuLXNlY3JldDogaG5wZWYwOGo4M3NjMzllcAoKICB1c2FnZS1ib290c3RyYXAtYXV0aGVudGljYXRpb246ICJ0cnVlIgogIHVzYWdlLWJvb3RzdHJhcC1zaWduaW5nOiAidHJ1ZSIKCiAgYXV0aC1leHRyYS1ncm91cHM6IHN5c3RlbTpib290c3RyYXBwZXJzOndvcmtlcixzeXN0ZW06Ym9vdHN0cmFwcGVyczppbmdyZXNzCi0tLQphcGlWZXJzaW9uOiByYmFjLmF1dGhvcml6YXRpb24uazhzLmlvL3YxCmtpbmQ6IENsdXN0ZXJSb2xlQmluZGluZwptZXRhZGF0YToKICBuYW1lOiBib290c3RyYXAtYWRtaW4Kc3ViamVjdHM6Ci0ga2luZDogR3JvdXAKICBuYW1lOiBzeXN0ZW06Ym9vdHN0cmFwcGVycwogIGFwaUdyb3VwOiByYmFjLmF1dGhvcml6YXRpb24uazhzLmlvCnJvbGVSZWY6CiAgYXBpR3JvdXA6IHJiYWMuYXV0aG9yaXphdGlvbi5rOHMuaW8KICBraW5kOiBDbHVzdGVyUm9sZQogIG5hbWU6IGNsdXN0ZXItYWRtaW4KLS0tCmFwaVZlcnNpb246IHYxCmtpbmQ6IFNlY3JldAptZXRhZGF0YToKICBuYW1lOiBkZWZhdWx0CiAgYW5ub3RhdGlvbnM6CiAgICBrdWJlcm5ldGVzLmlvL3NlcnZpY2UtYWNjb3VudC5uYW1lOiAiZGVmYXVsdCIKdHlwZToga3ViZXJuZXRlcy5pby9zZXJ2aWNlLWFjY291bnQtdG9rZW4=\n    encoding: b64\n  \n\nruncmd:\n  - mkdir -p /mnt/persistent/var/lib/rancher/k3s/agent /mnt/persistent/etc/rancher /var/lib/containerd\n  # exclude containerd data from persistence\n  - if [ -d /mnt/persistent/var/lib/rancher/k3s/agent/containerd ]; then rm -r /mnt/persistent/var/lib/rancher/k3s/agent/containerd; fi\n  - ln -s /var/lib/containerd /mnt/persistent/var/lib/rancher/k3s/agent/containerd\n  # setup persistence\n  - ln -s /mnt/persistent/var/lib/rancher /var/lib/rancher\n  - ln -s /mnt/persistent/etc/rancher /etc/rancher\n  # install k3s\n  - set -a; . /root/k3s.env; set +a\n  - export INSTALL_K3S_EXEC=\"$INSTALL_K3S_EXEC --node-ip=192.168.199.132 --tls-san=192.168.199.132\"\n  - export INSTALL_K3S_EXEC=\"$INSTALL_K3S_EXEC --node-external-ip=10.0.2.150\"\n  - bash -c \"for i in {1..6}; do (ping -c 10 -q github.com) \u0026\u0026 break || (echo 'failed to verify network, will try again soon'); done\"\n  - wget -O - https://get.k3s.io | sh -\n  # install cni plugins\n  - wget --no-verbose -O /tmp/cni-plugins.tgz https://github.com/containernetworking/plugins/releases/download/v0.9.0/cni-plugins-linux-amd64-v0.9.0.tgz\n  - mkdir -p /opt/cni/bin\n  - tar -xzC /opt/cni/bin -f /tmp/cni-plugins.tgz\n  - mkdir -p /var/lib/rancher/k3s/server/manifests/\n  - mv /root/k3s-bootstrap.yaml /var/lib/rancher/k3s/server/manifests/\n  \n",
      "type": "string",
      "sensitive": true
    },
    "token": {
      "value": "8al06q.hnpef08j83sc39ep",
      "type": "string",
      "sensitive": true
    }
  },
  "resources": [
    {
      "mode": "data",
      "type": "k8sbootstrap_auth",
      "name": "auth",
      "provider": "provider[\"registry.terraform.io/nimbolus/k8sbootstrap\"]",
      "instances": [
        {
          "schema_version": 0,
          "attributes": {
            "ca_crt": "-----BEGIN CERTIFICATE-----\nMIIBdzCCAR2gAwIBAgIBADAKBggqhkjOPQQDAjAjMSEwHwYDVQQDDBhrM3Mtc2Vy\ndmVyLWNhQDE2ODUzNzU4NjgwHhcNMjMwNTI5MTU1NzQ4WhcNMzMwNTI2MTU1NzQ4\nWjAjMSEwHwYDVQQDDBhrM3Mtc2VydmVyLWNhQDE2ODUzNzU4NjgwWTATBgcqhkjO\nPQIBBggqhkjOPQMBBwNCAAQQhqb5Bg2zKkQPry1U1iVOI/C2MVwJcW94a4xEzE2I\nohghhlWYRYlhayO+53Rq5+86lZ6o9dJ8u/HIDtOS7ajpo0IwQDAOBgNVHQ8BAf8E\nBAMCAqQwDwYDVR0TAQH/BAUwAwEB/zAdBgNVHQ4EFgQUZ8XdhX0qexF6Ijb6s9ka\n3PnfSxswCgYIKoZIzj0EAwIDSAAwRQIhAOAaQp9BsM8RTzQ2LcvpCAbFyPZCFr5Q\n/TLocSZmGCvrAiB9OF1uRsoE8F8Ecz0a4o+CWENiqTiLoCGABCPI/c6WJw==\n-----END CERTIFICATE-----\n",
            "id": "default",
            "insecure": true,
            "kubeconfig": "apiVersion: v1\nclusters:\n- cluster:\n    certificate-authority-data: LS0tLS1CRUdJTiBDRVJUSUZJQ0FURS0tLS0tCk1JSUJkekNDQVIyZ0F3SUJBZ0lCQURBS0JnZ3Foa2pPUFFRREFqQWpNU0V3SHdZRFZRUUREQmhyTTNNdGMyVnkKZG1WeUxXTmhRREUyT0RVek56VTROamd3SGhjTk1qTXdOVEk1TVRVMU56UTRXaGNOTXpNd05USTJNVFUxTnpRNApXakFqTVNFd0h3WURWUVFEREJock0zTXRjMlZ5ZG1WeUxXTmhRREUyT0RVek56VTROamd3V1RBVEJnY3Foa2pPClBRSUJCZ2dxaGtqT1BRTUJCd05DQUFRUWhxYjVCZzJ6S2tRUHJ5MVUxaVZPSS9DMk1Wd0pjVzk0YTR4RXpFMkkKb2hnaGhsV1lSWWxoYXlPKzUzUnE1Kzg2bFo2bzlkSjh1L0hJRHRPUzdhanBvMEl3UURBT0JnTlZIUThCQWY4RQpCQU1DQXFRd0R3WURWUjBUQVFIL0JBVXdBd0VCL3pBZEJnTlZIUTRFRmdRVVo4WGRoWDBxZXhGNklqYjZzOWthCjNQbmZTeHN3Q2dZSUtvWkl6ajBFQXdJRFNBQXdSUUloQU9BYVFwOUJzTThSVHpRMkxjdnBDQWJGeVBaQ0ZyNVEKL1RMb2NTWm1HQ3ZyQWlCOU9GMXVSc29FOEY4RWN6MGE0bytDV0VOaXFUaUxvQ0dBQkNQSS9jNldKdz09Ci0tLS0tRU5EIENFUlRJRklDQVRFLS0tLS0K\n    server: https://10.0.2.150:6443\n  name: default-cluster\ncontexts:\n- context:\n    cluster: default-cluster\n    namespace: default\n    user: default\n  name: default-context\ncurrent-context: default-context\nkind: Config\npreferences: {}\nusers:\n- name: default\n  user:\n    token: 8al06q.hnpef08j83sc39ep\n",
            "namespace": "default",
            "server": "https://10.0.2.150:6443",
            "timeout": 300,
            "token": "8al06q.hnpef08j83sc39ep"
          },
          "sensitive_attributes": [
            [
              {
                "type": "get_attr",
                "value": "token"
              }
            ]
          ]
        }
      ]
    },
    {
      "mode": "managed",
      "type": "openstack_compute_keypair_v2",
      "name": "k3s",
      "provider": "provider[\"registry.terraform.io/terraform-provider-openstack/openstack\"]",
      "instances": [
        {
          "schema_version": 0,
          "attributes": {
            "fingerprint": "7b:9a:dc:06:45:c1:63:bd:3b:6d:16:56:b4:d9:6c:50",
            "id": "k3s",
            "name": "k3s",
            "private_key": "-----BEGIN RSA PRIVATE KEY-----\nMIIEowIBAAKCAQEAsUy0ihypNmgs/tO3wHJcEfsqxQc/Id3fhK+adPDFNpPJlJ8h\nAUQn0q8YElo5vDmJaBQllKwRWVngTX1a/0PVRixfU2NB4oml2Po44T1bdo7J24j6\nB2V3XR6tJW313pguJ5hJ0VM/rBmYGSoW6PzxzyUKWxMx/LYuAs20xzQaS3Rzt6/P\nDZK4e03q24S8w6A9liNo5G6ZNQ/L5/GOgBzqSIIjCcEIUu+3k+JuVNv0EGKwtnqd\nNf9u5plKkvHXDihU0GIHL3+UpMvlVjkjFpjUPfZ3B71i185DztrF5KX9jufM73Uq\nwufAmavnuGyjXi0FN5r0Iym3m1mBamC+Mih00wIDAQABAoIBABCjSBXl1qM6Z26K\nY6X1lVpCnaLbqTr+XSlQaUgsB/W1LKd7v1clFC+bKsEeImjdZV2U9mnbM82Ut43O\nA6oMrYjmRRPILriZfiy8XnYUke6wO5UUZ5ImHWtpo4ntpbL7yOkCS3sPOtxlknZa\nEshOZEqyCSS+ymQSnIK61woSg50s6mlZqylWjIpd+NE9RBqZdkKbnBCKHgoziyeY\ny9XFKeA/e7l9OnwPDgFjhw4Z5bmMS5nt7Hg/PkJ4blyTtp31xnFQwRQkHFy+vWNi\nZ9YKD6jY5YYWf71pAPmUK9R7KUjtMJk/565pnX9G/RKs3eB0/RMYyHjAN0TN/QIY\n6b4gu+ECgYEA2Kzh9UXAmP7TBl8v8CevsNPL6DIaDAKdExyzV9s7tpeMIngbU7hH\nwdoF1hN4fwShmpbcPRqrpl9Bg1bZX6hsdzpmgISuxI2p0mB2cDY4UCKEVwr3tKzE\nGdtjqTpblV/l+qk77a2ifzjnTClnBTWT6udovcsgbRgRIQU7Oc63D8kCgYEA0Xpb\nxiymq6UAoRWYQr/W31eePSxJdHU7zWSYZihLB6zohDuxB2Llev57FpBwM7dV+fmX\nnYolzp41XEwTq9waFxFP7Vzs7lvFKMRRQjfLwdenzpvy+gO2urO60gtSPg3vsTR4\nTg2j//ztuDYcfTgMApU3zuGKP2XXqTyweLCZBbsCgYAxoBb4eAtOfz6RvQdbt5sz\noq6W9bKlgYu8LtyciKe6gCcmVd/cYt58dZTUnQ0B+muQ3nB+xjb+Gd8FV8TdddOx\n0vxa/wiQF+oHNvSpaqGnKOCqluZ4yQD48xh2T9ld8uLXcB87poMLJFtFRE5GESlZ\nqbqBjZ5Vnid+KpaP/NpMkQKBgCd+bjcazAGohknYjHBpQtWw60CVTPQL9k5vHNyF\n1D+KNfxYVLQTzTg3KnXCnaTid+89Q3yMQzyFT4IrRbotMS4QMYWK85Cs9KsO+FMH\nuf697gFiHZlNgfIJWLupLsRMVFiQj+4HXFgzE46bhRuGqZ0DDRaQJ0R0qwhZTNw0\nT2VpAoGBAKnbmqqzd9r1gHMgQ4XBsheXks0iQbzNuF/WRSLrGSJV9azaft3fNBrQ\nn5XXPhQkSvyT4QNVw30V8uqA3VCLXDfKWnwrMq9vCRRVg5blZN2HTdNByzTKdzhS\nByXKmZluysOcggN+L62H+fCzIJFu21JNb1iFQ5ksaa9eYXhe0QTv\n-----END RSA PRIVATE KEY-----\n",
            "public_key": "ssh-rsa AAAAB3NzaC1yc2EAAAADAQABAAABAQCxTLSKHKk2aCz+07fAclwR+yrFBz8h3d+Er5p08MU2k8mUnyEBRCfSrxgSWjm8OYloFCWUrBFZWeBNfVr/Q9VGLF9TY0HiiaXY+jjhPVt2jsnbiPoHZXddHq0lbfXemC4nmEnRUz+sGZgZKhbo/PHPJQpbEzH8ti4CzbTHNBpLdHO3r88Nkrh7TerbhLzDoD2WI2jkbpk1D8vn8Y6AHOpIgiMJwQhS77eT4m5U2/QQYrC2ep01/27mmUqS8dcOKFTQYgcvf5Sky+VWOSMWmNQ99ncHvWLXzkPO2sXkpf2O58zvdSrC58CZq+e4bKNeLQU3mvQjKbebWYFqYL4yKHTT Generated-by-Nova",
            "region": "RegionOne",
            "user_id": "",
            "value_specs": null
          },
          "sensitive_attributes": [],
          "private": "bnVsbA=="
        }
      ]
    },
    {
      "mode": "managed",
      "type": "openstack_networking_network_v2",
      "name": "external_net",
      "provider": "provider[\"registry.terraform.io/terraform-provider-openstack/openstack\"]",
      "instances": [
        {
          "schema_version": 0,
          "attributes": {
            "admin_state_up": true,
            "all_tags": [],
            "availability_zone_hints": [],
            "description": "",
            "dns_domain": "",
            "external": true,
            "id": "99224f2a-563a-427d-ad68-7af43698ff21",
            "mtu": 1500,
            "name": "external_network",
            "port_security_enabled": true,
            "qos_policy_id": "",
            "region": "RegionOne",
            "segments": [
              {
                "network_type": "flat",
                "physical_network": "physnet1",
                "segmentation_id": 0
              }
            ],
            "shared": false,
            "tags": [],
            "tenant_id": "24080e3cdec1432dbd6d1e31091af9a0",
            "timeouts": null,
            "transparent_vlan": false,
            "value_specs": null
          },
          "sensitive_attributes": [],
          "private": "eyJlMmJmYjczMC1lY2FhLTExZTYtOGY4OC0zNDM2M2JjN2M0YzAiOnsiY3JlYXRlIjo2MDAwMDAwMDAwMDAsImRlbGV0ZSI6NjAwMDAwMDAwMDAwfX0="
        }
      ]
    },
    {
      "mode": "managed",
      "type": "openstack_networking_network_v2",
      "name": "kubernetes",
      "provider": "provider[\"registry.terraform.io/terraform-provider-openstack/openstack\"]",
      "instances": [
        {
          "schema_version": 0,
          "attributes": {
            "admin_state_up": true,
            "all_tags": [],
            "availability_zone_hints": [],
            "description": "",
            "dns_domain": "",
            "external": false,
            "id": "63dfd088-3f4e-4266-aafb-992f4d1209b2",
            "mtu": 1450,
            "name": "kubernetes",
            "port_security_enabled": true,
            "qos_policy_id": "",
            "region": "RegionOne",
            "segments": [
              {
                "network_type": "vxlan",
                "physical_network": "",
                "segmentation_id": 871
              }
            ],
            "shared": false,
            "tags": [],
            "tenant_id": "24080e3cdec1432dbd6d1e31091af9a0",
            "timeouts": null,
            "transparent_vlan": false,
            "value_specs": null
          },
          "sensitive_attributes": [],
          "private": "eyJlMmJmYjczMC1lY2FhLTExZTYtOGY4OC0zNDM2M2JjN2M0YzAiOnsiY3JlYXRlIjo2MDAwMDAwMDAwMDAsImRlbGV0ZSI6NjAwMDAwMDAwMDAwfX0="
        }
      ]
    },
    {
      "mode": "managed",
      "type": "openstack_networking_router_interface_v2",
      "name": "router_internal_interface",
      "provider": "provider[\"registry.terraform.io/terraform-provider-openstack/openstack\"]",
      "instances": [
        {
          "schema_version": 0,
          "attributes": {
            "force_destroy": false,
            "id": "0db8d204-fe1c-4805-87b9-996480a63ea3",
            "port_id": "0db8d204-fe1c-4805-87b9-996480a63ea3",
            "region": "RegionOne",
            "router_id": "81bf0bc8-658f-4359-bd50-8e20d7825868",
            "subnet_id": "0fe3ae63-a0d5-4ff3-8d38-c693a1d8f99f",
            "timeouts": null
          },
          "sensitive_attributes": [],
          "private": "eyJlMmJmYjczMC1lY2FhLTExZTYtOGY4OC0zNDM2M2JjN2M0YzAiOnsiY3JlYXRlIjo2MDAwMDAwMDAwMDAsImRlbGV0ZSI6NjAwMDAwMDAwMDAwfX0=",
          "dependencies": [
            "openstack_networking_network_v2.external_net",
            "openstack_networking_network_v2.kubernetes",
            "openstack_networking_router_v2.router",
            "openstack_networking_subnet_v2.kubernetes"
          ]
        }
      ]
    },
    {
      "mode": "managed",
      "type": "openstack_networking_router_v2",
      "name": "router",
      "provider": "provider[\"registry.terraform.io/terraform-provider-openstack/openstack\"]",
      "instances": [
        {
          "schema_version": 0,
          "attributes": {
            "admin_state_up": true,
            "all_tags": [],
            "availability_zone_hints": [],
            "description": "",
            "distributed": false,
            "enable_snat": true,
            "external_fixed_ip": [
              {
                "ip_address": "10.0.2.189",
                "subnet_id": "5b32044f-3fdb-40a7-94de-98738d6f3bff"
              }
            ],
            "external_gateway": "99224f2a-563a-427d-ad68-7af43698ff21",
            "external_network_id": "99224f2a-563a-427d-ad68-7af43698ff21",
            "external_subnet_ids": null,
            "id": "81bf0bc8-658f-4359-bd50-8e20d7825868",
            "name": "router",
            "region": "RegionOne",
            "tags": [],
            "tenant_id": "24080e3cdec1432dbd6d1e31091af9a0",
            "timeouts": null,
            "value_specs": null,
            "vendor_options": []
          },
          "sensitive_attributes": [],
          "private": "eyJlMmJmYjczMC1lY2FhLTExZTYtOGY4OC0zNDM2M2JjN2M0YzAiOnsiY3JlYXRlIjo2MDAwMDAwMDAwMDAsImRlbGV0ZSI6NjAwMDAwMDAwMDAwfX0=",
          "dependencies": [
            "openstack_networking_network_v2.external_net"
          ]
        }
      ]
    },
    {
      "mode": "managed",
      "type": "openstack_networking_subnet_v2",
      "name": "external_subnet",
      "provider": "provider[\"registry.terraform.io/terraform-provider-openstack/openstack\"]",
      "instances": [
        {
          "schema_version": 0,
          "attributes": {
            "all_tags": [],
            "allocation_pool": [
              {
                "end": "10.0.2.199",
                "start": "10.0.2.150"
              }
            ],
            "allocation_pools": [
              {
                "end": "10.0.2.199",
                "start": "10.0.2.150"
              }
            ],
            "cidr": "10.0.2.0/24",
            "description": "",
            "dns_nameservers": [],
            "enable_dhcp": false,
            "gateway_ip": "10.0.2.1",
            "host_routes": [],
            "id": "5b32044f-3fdb-40a7-94de-98738d6f3bff",
            "ip_version": 4,
            "ipv6_address_mode": "",
            "ipv6_ra_mode": "",
            "name": "external_subnet",
            "network_id": "99224f2a-563a-427d-ad68-7af43698ff21",
            "no_gateway": false,
            "prefix_length": null,
            "region": "RegionOne",
            "service_types": [],
            "subnetpool_id": "",
            "tags": [],
            "tenant_id": "24080e3cdec1432dbd6d1e31091af9a0",
            "timeouts": null,
            "value_specs": null
          },
          "sensitive_attributes": [],
          "private": "eyJlMmJmYjczMC1lY2FhLTExZTYtOGY4OC0zNDM2M2JjN2M0YzAiOnsiY3JlYXRlIjo2MDAwMDAwMDAwMDAsImRlbGV0ZSI6NjAwMDAwMDAwMDAwfX0=",
          "dependencies": [
            "openstack_networking_network_v2.external_net"
          ]
        }
      ]
    },
    {
      "mode": "managed",
      "type": "openstack_networking_subnet_v2",
      "name": "kubernetes",
      "provider": "provider[\"registry.terraform.io/terraform-provider-openstack/openstack\"]",
      "instances": [
        {
          "schema_version": 0,
          "attributes": {
            "all_tags": [],
            "allocation_pool": [
              {
                "end": "192.168.199.254",
                "start": "192.168.199.2"
              }
            ],
            "allocation_pools": [
              {
                "end": "192.168.199.254",
                "start": "192.168.199.2"
              }
            ],
            "cidr": "192.168.199.0/24",
            "description": "",
            "dns_nameservers": [],
            "enable_dhcp": true,
            "gateway_ip": "192.168.199.1",
            "host_routes": [],
            "id": "0fe3ae63-a0d5-4ff3-8d38-c693a1d8f99f",
            "ip_version": 4,
            "ipv6_address_mode": "",
            "ipv6_ra_mode": "",
            "name": "",
            "network_id": "63dfd088-3f4e-4266-aafb-992f4d1209b2",
            "no_gateway": false,
            "prefix_length": null,
            "region": "RegionOne",
            "service_types": [],
            "subnetpool_id": "",
            "tags": [],
            "tenant_id": "24080e3cdec1432dbd6d1e31091af9a0",
            "timeouts": null,
            "value_specs": null
          },
          "sensitive_attributes": [],
          "private": "eyJlMmJmYjczMC1lY2FhLTExZTYtOGY4OC0zNDM2M2JjN2M0YzAiOnsiY3JlYXRlIjo2MDAwMDAwMDAwMDAsImRlbGV0ZSI6NjAwMDAwMDAwMDAwfX0=",
          "dependencies": [
            "openstack_networking_network_v2.kubernetes"
          ]
        }
      ]
    },
    {
      "mode": "managed",
      "type": "random_password",
      "name": "bootstrap_token_id",
      "provider": "provider[\"registry.terraform.io/hashicorp/random\"]",
      "instances": [
        {
          "schema_version": 3,
          "attributes": {
            "bcrypt_hash": "$2a$10$YPc3uRMW8BHNPo4tAq/Q8.1vnZP6RGaY7NsU0DdwANI2mJriOPEUm",
            "id": "none",
            "keepers": null,
            "length": 6,
            "lower": true,
            "min_lower": 0,
            "min_numeric": 0,
            "min_special": 0,
            "min_upper": 0,
            "number": true,
            "numeric": true,
            "override_special": null,
            "result": "8al06q",
            "special": false,
            "upper": false
          },
          "sensitive_attributes": []
        }
      ]
    },
    {
      "mode": "managed",
      "type": "random_password",
      "name": "bootstrap_token_secret",
      "provider": "provider[\"registry.terraform.io/hashicorp/random\"]",
      "instances": [
        {
          "schema_version": 3,
          "attributes": {
            "bcrypt_hash": "$2a$10$Q11Lu2yF5Ee5a92sVtOMFepPvOpS8Xdb7sZ7s30nOcXzA6lkGNpCK",
            "id": "none",
            "keepers": null,
            "length": 16,
            "lower": true,
            "min_lower": 0,
            "min_numeric": 0,
            "min_special": 0,
            "min_upper": 0,
            "number": true,
            "numeric": true,
            "override_special": null,
            "result": "hnpef08j83sc39ep",
            "special": false,
            "upper": false
          },
          "sensitive_attributes": []
        }
      ]
    },
    {
      "mode": "managed",
      "type": "random_password",
      "name": "cluster_token",
      "provider": "provider[\"registry.terraform.io/hashicorp/random\"]",
      "instances": [
        {
          "schema_version": 3,
          "attributes": {
            "bcrypt_hash": "$2a$10$/8UHt3MVn2UO5afEtP12Q.zTeFrwQoJ/bDlGEbbH1O6EWgGSjBVBq",
            "id": "none",
            "keepers": null,
            "length": 64,
            "lower": true,
            "min_lower": 0,
            "min_numeric": 0,
            "min_special": 0,
            "min_upper": 0,
            "number": true,
            "numeric": true,
            "override_special": null,
            "result": "JtVBagwq8mDjng6vuF9guyxau62W1MtWNeJ1OCa36GlPHVcFjlzy4A5GFBVH0PDX",
            "special": false,
            "upper": true
          },
          "sensitive_attributes": []
        }
      ]
    },
    {
      "module": "module.agents[0]",
      "mode": "managed",
      "type": "openstack_blockstorage_volume_v3",
      "name": "data",
      "provider": "provider[\"registry.terraform.io/terraform-provider-openstack/openstack\"]",
      "instances": [
        {
          "index_key": 0,
          "schema_version": 0,
          "attributes": {
            "attachment": [
              {
                "device": "/dev/vdb",
                "id": "4084a717-f40e-47ba-8ec7-a077386bda11",
                "instance_id": "9dd59b3a-e664-46a8-9009-a800afe51e92"
              }
            ],
            "availability_zone": "nova",
            "consistency_group_id": null,
            "description": "",
            "enable_online_resize": true,
            "id": "4084a717-f40e-47ba-8ec7-a077386bda11",
            "image_id": null,
            "metadata": {},
            "multiattach": null,
            "name": "k3s-agent-1-data",
            "region": "RegionOne",
            "scheduler_hints": [],
            "size": 5,
            "snapshot_id": "",
            "source_replica": null,
            "source_vol_id": "",
            "timeouts": null,
            "volume_type": "__DEFAULT__"
          },
          "sensitive_attributes": [],
          "private": "eyJlMmJmYjczMC1lY2FhLTExZTYtOGY4OC0zNDM2M2JjN2M0YzAiOnsiY3JlYXRlIjo2MDAwMDAwMDAwMDAsImRlbGV0ZSI6NjAwMDAwMDAwMDAwfX0="
        }
      ]
    },
    {
      "module": "module.agents[0]",
      "mode": "managed",
      "type": "openstack_compute_floatingip_associate_v2",
      "name": "node",
      "provider": "provider[\"registry.terraform.io/terraform-provider-openstack/openstack\"]",
      "instances": [
        {
          "index_key": 0,
          "schema_version": 0,
          "attributes": {
            "fixed_ip": "",
            "floating_ip": "10.0.2.187",
            "id": "10.0.2.187/9dd59b3a-e664-46a8-9009-a800afe51e92/",
            "instance_id": "9dd59b3a-e664-46a8-9009-a800afe51e92",
            "region": "RegionOne",
            "timeouts": null,
            "wait_until_associated": null
          },
          "sensitive_attributes": [],
          "private": "eyJlMmJmYjczMC1lY2FhLTExZTYtOGY4OC0zNDM2M2JjN2M0YzAiOnsiY3JlYXRlIjo2MDAwMDAwMDAwMDB9fQ==",
          "dependencies": [
            "module.agents.data.openstack_compute_flavor_v2.k3s",
            "module.agents.data.openstack_images_image_v2.k3s",
            "module.agents.openstack_blockstorage_volume_v3.data",
            "module.agents.openstack_compute_instance_v2.node",
            "module.agents.openstack_networking_floatingip_v2.node",
            "module.agents.openstack_networking_port_v2.mgmt",
            "module.secgroup.openstack_networking_secgroup_v2.k3s",
            "module.server.data.openstack_compute_flavor_v2.k3s",
            "module.server.data.openstack_images_image_v2.k3s",
            "module.server.openstack_blockstorage_volume_v3.data",
            "module.server.openstack_compute_instance_v2.node",
            "module.server.openstack_networking_floatingip_v2.node",
            "module.server.openstack_networking_port_v2.mgmt",
            "openstack_compute_keypair_v2.k3s",
            "openstack_networking_network_v2.external_net",
            "openstack_networking_network_v2.kubernetes",
            "openstack_networking_subnet_v2.kubernetes",
            "random_password.bootstrap_token_id",
            "random_password.bootstrap_token_secret",
            "random_password.cluster_token"
          ]
        }
      ]
    },
    {
      "module": "module.agents[0]",
      "mode": "managed",
      "type": "openstack_compute_instance_v2",
      "name": "node",
      "provider": "provider[\"registry.terraform.io/terraform-provider-openstack/openstack\"]",
      "instances": [
        {
          "schema_version": 0,
          "attributes": {
            "access_ip_v4": "192.168.199.106",
            "access_ip_v6": "",
            "admin_pass": null,
            "all_metadata": {},
            "all_tags": [],
            "availability_zone": "nova",
            "availability_zone_hints": null,
            "block_device": [
              {
                "boot_index": 0,
                "delete_on_termination": true,
                "destination_type": "local",
                "device_type": "",
                "disk_bus": "",
                "guest_format": "",
                "source_type": "image",
                "uuid": "8428168b-efa5-4df7-8d74-7f6f7a5039d0",
                "volume_size": 0,
                "volume_type": ""
              },
              {
                "boot_index": -1,
                "delete_on_termination": false,
                "destination_type": "volume",
                "device_type": "",
                "disk_bus": "",
                "guest_format": "",
                "source_type": "volume",
                "uuid": "4084a717-f40e-47ba-8ec7-a077386bda11",
                "volume_size": 0,
                "volume_type": ""
              }
            ],
            "config_drive": false,
            "created": "2023-05-29 15:42:29 +0000 UTC",
            "flavor_id": "a74acf5b-7a70-47da-bcd6-732ccb99ca9e",
            "flavor_name": "agent-flavor",
            "floating_ip": null,
            "force_delete": false,
            "id": "9dd59b3a-e664-46a8-9009-a800afe51e92",
            "image_id": "8428168b-efa5-4df7-8d74-7f6f7a5039d0",
            "image_name": "Debian",
            "key_pair": "k3s",
            "metadata": null,
            "name": "k3s-agent-1",
            "network": [
              {
                "access_network": true,
                "fixed_ip_v4": "192.168.199.106",
                "fixed_ip_v6": "",
                "floating_ip": "",
                "mac": "fa:16:3e:55:a2:5d",
                "name": "kubernetes",
                "port": "cff4bc89-5f83-4a96-80dd-db9446aa354a",
                "uuid": "63dfd088-3f4e-4266-aafb-992f4d1209b2"
              }
            ],
            "network_mode": null,
            "personality": [],
            "power_state": "active",
            "region": "RegionOne",
            "scheduler_hints": [
              {
                "additional_properties": {},
                "build_near_host_ip": "",
                "different_cell": [],
                "different_host": [],
                "group": "",
                "query": [],
                "same_host": [],
                "target_cell": ""
              }
            ],
            "security_groups": [
              "allow-k3s"
            ],
            "stop_before_destroy": false,
            "tags": [],
            "timeouts": null,
            "updated": "2023-05-29 15:42:36 +0000 UTC",
            "user_data": "110825b654e888ed205fb2961985d7144c1ed7d2",
            "vendor_options": [],
            "volume": []
          },
          "sensitive_attributes": [
            [
              {
                "type": "get_attr",
                "value": "user_data"
              }
            ]
          ],
          "private": "eyJlMmJmYjczMC1lY2FhLTExZTYtOGY4OC0zNDM2M2JjN2M0YzAiOnsiY3JlYXRlIjoxODAwMDAwMDAwMDAwLCJkZWxldGUiOjE4MDAwMDAwMDAwMDAsInVwZGF0ZSI6MTgwMDAwMDAwMDAwMH19",
          "dependencies": [
            "module.agents.data.openstack_compute_flavor_v2.k3s",
            "module.agents.data.openstack_images_image_v2.k3s",
            "module.agents.openstack_blockstorage_volume_v3.data",
            "module.agents.openstack_networking_floatingip_v2.node",
            "module.agents.openstack_networking_port_v2.mgmt",
            "module.secgroup.openstack_networking_secgroup_v2.k3s",
            "module.server.data.openstack_compute_flavor_v2.k3s",
            "module.server.data.openstack_images_image_v2.k3s",
            "module.server.openstack_blockstorage_volume_v3.data",
            "module.server.openstack_compute_instance_v2.node",
            "module.server.openstack_networking_floatingip_v2.node",
            "module.server.openstack_networking_port_v2.mgmt",
            "openstack_compute_keypair_v2.k3s",
            "openstack_networking_network_v2.external_net",
            "openstack_networking_network_v2.kubernetes",
            "openstack_networking_subnet_v2.kubernetes",
            "random_password.bootstrap_token_id",
            "random_password.bootstrap_token_secret",
            "random_password.cluster_token"
          ]
        }
      ]
    },
    {
      "module": "module.agents[0]",
      "mode": "managed",
      "type": "openstack_networking_floatingip_v2",
      "name": "node",
      "provider": "provider[\"registry.terraform.io/terraform-provider-openstack/openstack\"]",
      "instances": [
        {
          "index_key": 0,
          "schema_version": 0,
          "attributes": {
            "address": "10.0.2.187",
            "all_tags": [],
            "description": "",
            "dns_domain": "",
            "dns_name": "",
            "fixed_ip": "192.168.199.106",
            "id": "7237a423-1ea5-4311-b684-ca274277f3e0",
            "pool": "external_network",
            "port_id": "cff4bc89-5f83-4a96-80dd-db9446aa354a",
            "region": "RegionOne",
            "subnet_id": null,
            "subnet_ids": null,
            "tags": [],
            "tenant_id": "24080e3cdec1432dbd6d1e31091af9a0",
            "timeouts": null,
            "value_specs": null
          },
          "sensitive_attributes": [],
          "private": "eyJlMmJmYjczMC1lY2FhLTExZTYtOGY4OC0zNDM2M2JjN2M0YzAiOnsiY3JlYXRlIjo2MDAwMDAwMDAwMDAsImRlbGV0ZSI6NjAwMDAwMDAwMDAwfX0=",
          "dependencies": [
            "openstack_networking_network_v2.external_net"
          ]
        }
      ]
    },
    {
      "module": "module.agents[0]",
      "mode": "managed",
      "type": "openstack_networking_port_v2",
      "name": "mgmt",
      "provider": "provider[\"registry.terraform.io/terraform-provider-openstack/openstack\"]",
      "instances": [
        {
          "schema_version": 0,
          "attributes": {
            "admin_state_up": true,
            "all_fixed_ips": [
              "192.168.199.106"
            ],
            "all_security_group_ids": [
              "b5df1d5e-9042-4a4f-bed8-493b10a7813e"
            ],
            "all_tags": [],
            "allowed_address_pairs": [],
            "binding": [
              {
                "host_id": "vmd112196",
                "profile": "{}",
                "vif_details": {
                  "bound_drivers": "{\"0\":\"openvswitch\"}",
                  "bridge_name": "br-int",
                  "connectivity": "l2",
                  "datapath_type": "system",
                  "ovs_hybrid_plug": "true",
                  "port_filter": "true"
                },
                "vif_type": "ovs",
                "vnic_type": "normal"
              }
            ],
            "description": "",
            "device_id": "9dd59b3a-e664-46a8-9009-a800afe51e92",
            "device_owner": "compute:nova",
            "dns_assignment": [],
            "dns_name": "",
            "extra_dhcp_option": [],
            "fixed_ip": [
              {
                "ip_address": "",
                "subnet_id": "0fe3ae63-a0d5-4ff3-8d38-c693a1d8f99f"
              }
            ],
            "id": "cff4bc89-5f83-4a96-80dd-db9446aa354a",
            "mac_address": "fa:16:3e:55:a2:5d",
            "name": "k3s-agent-1",
            "network_id": "63dfd088-3f4e-4266-aafb-992f4d1209b2",
            "no_fixed_ip": null,
            "no_security_groups": null,
            "port_security_enabled": true,
            "qos_policy_id": "",
            "region": "RegionOne",
            "security_group_ids": [
              "b5df1d5e-9042-4a4f-bed8-493b10a7813e"
            ],
            "tags": [],
            "tenant_id": "24080e3cdec1432dbd6d1e31091af9a0",
            "timeouts": null,
            "value_specs": null
          },
          "sensitive_attributes": [],
          "private": "eyJlMmJmYjczMC1lY2FhLTExZTYtOGY4OC0zNDM2M2JjN2M0YzAiOnsiY3JlYXRlIjo2MDAwMDAwMDAwMDAsImRlbGV0ZSI6NjAwMDAwMDAwMDAwfX0=",
          "dependencies": [
            "module.secgroup.openstack_networking_secgroup_v2.k3s",
            "openstack_networking_network_v2.kubernetes",
            "openstack_networking_subnet_v2.kubernetes"
          ]
        }
      ]
    },
    {
      "module": "module.secgroup",
      "mode": "managed",
      "type": "openstack_networking_secgroup_rule_v2",
      "name": "internal_icmp",
      "provider": "provider[\"registry.terraform.io/terraform-provider-openstack/openstack\"]",
      "instances": [
        {
          "schema_version": 0,
          "attributes": {
            "description": "",
            "direction": "ingress",
            "ethertype": "IPv4",
            "id": "bb38c31c-c16e-449e-92c1-274dd73eb2b3",
            "port_range_max": 0,
            "port_range_min": 0,
            "protocol": "icmp",
            "region": "RegionOne",
            "remote_group_id": "b5df1d5e-9042-4a4f-bed8-493b10a7813e",
            "remote_ip_prefix": "",
            "security_group_id": "b5df1d5e-9042-4a4f-bed8-493b10a7813e",
            "tenant_id": "24080e3cdec1432dbd6d1e31091af9a0",
            "timeouts": null
          },
          "sensitive_attributes": [],
          "private": "eyJlMmJmYjczMC1lY2FhLTExZTYtOGY4OC0zNDM2M2JjN2M0YzAiOnsiZGVsZXRlIjo2MDAwMDAwMDAwMDB9fQ==",
          "dependencies": [
            "module.secgroup.openstack_networking_secgroup_v2.k3s"
          ]
        }
      ]
    },
    {
      "module": "module.secgroup",
      "mode": "managed",
      "type": "openstack_networking_secgroup_rule_v2",
      "name": "internal_tcp",
      "provider": "provider[\"registry.terraform.io/terraform-provider-openstack/openstack\"]",
      "instances": [
        {
          "schema_version": 0,
          "attributes": {
            "description": "",
            "direction": "ingress",
            "ethertype": "IPv4",
            "id": "af77f106-db9b-4d79-b79b-f1308b2718be",
            "port_range_max": 0,
            "port_range_min": 0,
            "protocol": "tcp",
            "region": "RegionOne",
            "remote_group_id": "b5df1d5e-9042-4a4f-bed8-493b10a7813e",
            "remote_ip_prefix": "",
            "security_group_id": "b5df1d5e-9042-4a4f-bed8-493b10a7813e",
            "tenant_id": "24080e3cdec1432dbd6d1e31091af9a0",
            "timeouts": null
          },
          "sensitive_attributes": [],
          "private": "eyJlMmJmYjczMC1lY2FhLTExZTYtOGY4OC0zNDM2M2JjN2M0YzAiOnsiZGVsZXRlIjo2MDAwMDAwMDAwMDB9fQ==",
          "dependencies": [
            "module.secgroup.openstack_networking_secgroup_v2.k3s"
          ]
        }
      ]
    },
    {
      "module": "module.secgroup",
      "mode": "managed",
      "type": "openstack_networking_secgroup_rule_v2",
      "name": "internal_udp",
      "provider": "provider[\"registry.terraform.io/terraform-provider-openstack/openstack\"]",
      "instances": [
        {
          "schema_version": 0,
          "attributes": {
            "description": "",
            "direction": "ingress",
            "ethertype": "IPv4",
            "id": "d674710d-c04c-437f-b72e-912f56a7c478",
            "port_range_max": 0,
            "port_range_min": 0,
            "protocol": "udp",
            "region": "RegionOne",
            "remote_group_id": "b5df1d5e-9042-4a4f-bed8-493b10a7813e",
            "remote_ip_prefix": "",
            "security_group_id": "b5df1d5e-9042-4a4f-bed8-493b10a7813e",
            "tenant_id": "24080e3cdec1432dbd6d1e31091af9a0",
            "timeouts": null
          },
          "sensitive_attributes": [],
          "private": "eyJlMmJmYjczMC1lY2FhLTExZTYtOGY4OC0zNDM2M2JjN2M0YzAiOnsiZGVsZXRlIjo2MDAwMDAwMDAwMDB9fQ==",
          "dependencies": [
            "module.secgroup.openstack_networking_secgroup_v2.k3s"
          ]
        }
      ]
    },
    {
      "module": "module.secgroup",
      "mode": "managed",
      "type": "openstack_networking_secgroup_rule_v2",
      "name": "kubernetes_api",
      "provider": "provider[\"registry.terraform.io/terraform-provider-openstack/openstack\"]",
      "instances": [
        {
          "schema_version": 0,
          "attributes": {
            "description": "",
            "direction": "ingress",
            "ethertype": "IPv4",
            "id": "0f9e066c-4207-4c63-aa46-24e8b378822b",
            "port_range_max": 6443,
            "port_range_min": 6443,
            "protocol": "tcp",
            "region": "RegionOne",
            "remote_group_id": "",
            "remote_ip_prefix": "0.0.0.0/0",
            "security_group_id": "b5df1d5e-9042-4a4f-bed8-493b10a7813e",
            "tenant_id": "24080e3cdec1432dbd6d1e31091af9a0",
            "timeouts": null
          },
          "sensitive_attributes": [],
          "private": "eyJlMmJmYjczMC1lY2FhLTExZTYtOGY4OC0zNDM2M2JjN2M0YzAiOnsiZGVsZXRlIjo2MDAwMDAwMDAwMDB9fQ==",
          "dependencies": [
            "module.secgroup.openstack_networking_secgroup_v2.k3s"
          ]
        }
      ]
    },
    {
      "module": "module.secgroup",
      "mode": "managed",
      "type": "openstack_networking_secgroup_rule_v2",
      "name": "kubernetes_node_ports_tcp",
      "provider": "provider[\"registry.terraform.io/terraform-provider-openstack/openstack\"]",
      "instances": [
        {
          "schema_version": 0,
          "attributes": {
            "description": "",
            "direction": "ingress",
            "ethertype": "IPv4",
            "id": "361d57db-e3f6-42bd-82c6-69a0b8679474",
            "port_range_max": 32767,
            "port_range_min": 30000,
            "protocol": "tcp",
            "region": "RegionOne",
            "remote_group_id": "",
            "remote_ip_prefix": "0.0.0.0/0",
            "security_group_id": "b5df1d5e-9042-4a4f-bed8-493b10a7813e",
            "tenant_id": "24080e3cdec1432dbd6d1e31091af9a0",
            "timeouts": null
          },
          "sensitive_attributes": [],
          "private": "eyJlMmJmYjczMC1lY2FhLTExZTYtOGY4OC0zNDM2M2JjN2M0YzAiOnsiZGVsZXRlIjo2MDAwMDAwMDAwMDB9fQ==",
          "dependencies": [
            "module.secgroup.openstack_networking_secgroup_v2.k3s"
          ]
        }
      ]
    },
    {
      "module": "module.secgroup",
      "mode": "managed",
      "type": "openstack_networking_secgroup_rule_v2",
      "name": "kubernetes_node_ports_udp",
      "provider": "provider[\"registry.terraform.io/terraform-provider-openstack/openstack\"]",
      "instances": [
        {
          "schema_version": 0,
          "attributes": {
            "description": "",
            "direction": "ingress",
            "ethertype": "IPv4",
            "id": "d4caf6d6-e098-4151-ac3d-6a1a3c7193dd",
            "port_range_max": 32767,
            "port_range_min": 30000,
            "protocol": "udp",
            "region": "RegionOne",
            "remote_group_id": "",
            "remote_ip_prefix": "0.0.0.0/0",
            "security_group_id": "b5df1d5e-9042-4a4f-bed8-493b10a7813e",
            "tenant_id": "24080e3cdec1432dbd6d1e31091af9a0",
            "timeouts": null
          },
          "sensitive_attributes": [],
          "private": "eyJlMmJmYjczMC1lY2FhLTExZTYtOGY4OC0zNDM2M2JjN2M0YzAiOnsiZGVsZXRlIjo2MDAwMDAwMDAwMDB9fQ==",
          "dependencies": [
            "module.secgroup.openstack_networking_secgroup_v2.k3s"
          ]
        }
      ]
    },
    {
      "module": "module.secgroup",
      "mode": "managed",
      "type": "openstack_networking_secgroup_rule_v2",
      "name": "ssh",
      "provider": "provider[\"registry.terraform.io/terraform-provider-openstack/openstack\"]",
      "instances": [
        {
          "schema_version": 0,
          "attributes": {
            "description": "",
            "direction": "ingress",
            "ethertype": "IPv4",
            "id": "a64a1c7f-c52b-45e9-86cf-82b2071bb0b6",
            "port_range_max": 22,
            "port_range_min": 22,
            "protocol": "tcp",
            "region": "RegionOne",
            "remote_group_id": "",
            "remote_ip_prefix": "0.0.0.0/0",
            "security_group_id": "b5df1d5e-9042-4a4f-bed8-493b10a7813e",
            "tenant_id": "24080e3cdec1432dbd6d1e31091af9a0",
            "timeouts": null
          },
          "sensitive_attributes": [],
          "private": "eyJlMmJmYjczMC1lY2FhLTExZTYtOGY4OC0zNDM2M2JjN2M0YzAiOnsiZGVsZXRlIjo2MDAwMDAwMDAwMDB9fQ==",
          "dependencies": [
            "module.secgroup.openstack_networking_secgroup_v2.k3s"
          ]
        }
      ]
    },
    {
      "module": "module.secgroup",
      "mode": "managed",
      "type": "openstack_networking_secgroup_v2",
      "name": "k3s",
      "provider": "provider[\"registry.terraform.io/terraform-provider-openstack/openstack\"]",
      "instances": [
        {
          "index_key": 0,
          "schema_version": 0,
          "attributes": {
            "all_tags": [],
            "delete_default_rules": null,
            "description": "allow k3s services",
            "id": "b5df1d5e-9042-4a4f-bed8-493b10a7813e",
            "name": "allow-k3s",
            "region": "RegionOne",
            "tags": [],
            "tenant_id": "24080e3cdec1432dbd6d1e31091af9a0",
            "timeouts": null
          },
          "sensitive_attributes": [],
          "private": "eyJlMmJmYjczMC1lY2FhLTExZTYtOGY4OC0zNDM2M2JjN2M0YzAiOnsiZGVsZXRlIjo2MDAwMDAwMDAwMDB9fQ=="
        }
      ]
    },
    {
      "module": "module.server",
      "mode": "managed",
      "type": "openstack_blockstorage_volume_v3",
      "name": "data",
      "provider": "provider[\"registry.terraform.io/terraform-provider-openstack/openstack\"]",
      "instances": [
        {
          "index_key": 0,
          "schema_version": 0,
          "attributes": {
            "attachment": [
              {
                "device": "/dev/vdb",
                "id": "b718e6b2-5162-47c7-967b-477140b47417",
                "instance_id": "c637b88e-0f38-4f4d-8ec0-f10b9345fff8"
              }
            ],
            "availability_zone": "nova",
            "consistency_group_id": null,
            "description": "",
            "enable_online_resize": true,
            "id": "b718e6b2-5162-47c7-967b-477140b47417",
            "image_id": null,
            "metadata": {},
            "multiattach": null,
            "name": "k3s-server-data",
            "region": "RegionOne",
            "scheduler_hints": [],
            "size": 1,
            "snapshot_id": "",
            "source_replica": null,
            "source_vol_id": "",
            "timeouts": null,
            "volume_type": "__DEFAULT__"
          },
          "sensitive_attributes": [],
          "private": "eyJlMmJmYjczMC1lY2FhLTExZTYtOGY4OC0zNDM2M2JjN2M0YzAiOnsiY3JlYXRlIjo2MDAwMDAwMDAwMDAsImRlbGV0ZSI6NjAwMDAwMDAwMDAwfX0="
        }
      ]
    },
    {
      "module": "module.server",
      "mode": "managed",
      "type": "openstack_compute_floatingip_associate_v2",
      "name": "node",
      "provider": "provider[\"registry.terraform.io/terraform-provider-openstack/openstack\"]",
      "instances": [
        {
          "index_key": 0,
          "schema_version": 0,
          "attributes": {
            "fixed_ip": "",
            "floating_ip": "10.0.2.150",
            "id": "10.0.2.150/c637b88e-0f38-4f4d-8ec0-f10b9345fff8/",
            "instance_id": "c637b88e-0f38-4f4d-8ec0-f10b9345fff8",
            "region": "RegionOne",
            "timeouts": null,
            "wait_until_associated": null
          },
          "sensitive_attributes": [],
          "private": "eyJlMmJmYjczMC1lY2FhLTExZTYtOGY4OC0zNDM2M2JjN2M0YzAiOnsiY3JlYXRlIjo2MDAwMDAwMDAwMDB9fQ==",
          "dependencies": [
            "module.secgroup.openstack_networking_secgroup_v2.k3s",
            "module.server.data.openstack_compute_flavor_v2.k3s",
            "module.server.data.openstack_images_image_v2.k3s",
            "module.server.openstack_blockstorage_volume_v3.data",
            "module.server.openstack_compute_instance_v2.node",
            "module.server.openstack_networking_floatingip_v2.node",
            "module.server.openstack_networking_port_v2.mgmt",
            "openstack_compute_keypair_v2.k3s",
            "openstack_networking_network_v2.external_net",
            "openstack_networking_network_v2.kubernetes",
            "openstack_networking_subnet_v2.kubernetes",
            "random_password.bootstrap_token_id",
            "random_password.bootstrap_token_secret",
            "random_password.cluster_token"
          ]
        }
      ]
    },
    {
      "module": "module.server",
      "mode": "managed",
      "type": "openstack_compute_instance_v2",
      "name": "node",
      "provider": "provider[\"registry.terraform.io/terraform-provider-openstack/openstack\"]",
      "instances": [
        {
          "schema_version": 0,
          "attributes": {
            "access_ip_v4": "192.168.199.132",
            "access_ip_v6": "",
            "admin_pass": null,
            "all_metadata": {},
            "all_tags": [],
            "availability_zone": "nova",
            "availability_zone_hints": null,
            "block_device": [
              {
                "boot_index": 0,
                "delete_on_termination": true,
                "destination_type": "local",
                "device_type": "",
                "disk_bus": "",
                "guest_format": "",
                "source_type": "image",
                "uuid": "8428168b-efa5-4df7-8d74-7f6f7a5039d0",
                "volume_size": 0,
                "volume_type": ""
              },
              {
                "boot_index": -1,
                "delete_on_termination": false,
                "destination_type": "volume",
                "device_type": "",
                "disk_bus": "",
                "guest_format": "",
                "source_type": "volume",
                "uuid": "b718e6b2-5162-47c7-967b-477140b47417",
                "volume_size": 0,
                "volume_type": ""
              }
            ],
            "config_drive": false,
            "created": "2023-05-29 15:41:57 +0000 UTC",
            "flavor_id": "165a2ba6-2925-45b5-921e-feab137efb06",
            "flavor_name": "server-flavor",
            "floating_ip": null,
            "force_delete": false,
            "id": "c637b88e-0f38-4f4d-8ec0-f10b9345fff8",
            "image_id": "8428168b-efa5-4df7-8d74-7f6f7a5039d0",
            "image_name": "Debian",
            "key_pair": "k3s",
            "metadata": null,
            "name": "k3s-server",
            "network": [
              {
                "access_network": true,
                "fixed_ip_v4": "192.168.199.132",
                "fixed_ip_v6": "",
                "floating_ip": "",
                "mac": "fa:16:3e:d2:73:74",
                "name": "kubernetes",
                "port": "5d4b24a2-be1c-4160-9848-c9b9ce3b2701",
                "uuid": "63dfd088-3f4e-4266-aafb-992f4d1209b2"
              }
            ],
            "network_mode": null,
            "personality": [],
            "power_state": "active",
            "region": "RegionOne",
            "scheduler_hints": [
              {
                "additional_properties": null,
                "build_near_host_ip": "",
                "different_cell": [],
                "different_host": [],
                "group": "",
                "query": [],
                "same_host": [],
                "target_cell": ""
              }
            ],
            "security_groups": [
              "allow-k3s"
            ],
            "stop_before_destroy": false,
            "tags": [],
            "timeouts": null,
            "updated": "2023-05-30 20:02:19 +0000 UTC",
            "user_data": "164557fdcad0db8677bfe4324b5659ef108a7896",
            "vendor_options": [],
            "volume": []
          },
          "sensitive_attributes": [
            [
              {
                "type": "get_attr",
                "value": "user_data"
              }
            ]
          ],
          "private": "eyJlMmJmYjczMC1lY2FhLTExZTYtOGY4OC0zNDM2M2JjN2M0YzAiOnsiY3JlYXRlIjoxODAwMDAwMDAwMDAwLCJkZWxldGUiOjE4MDAwMDAwMDAwMDAsInVwZGF0ZSI6MTgwMDAwMDAwMDAwMH19",
          "dependencies": [
            "module.server.data.openstack_compute_flavor_v2.k3s",
            "module.server.data.openstack_images_image_v2.k3s",
            "module.server.openstack_blockstorage_volume_v3.data",
            "module.server.openstack_networking_floatingip_v2.node",
            "module.server.openstack_networking_port_v2.mgmt",
            "openstack_compute_keypair_v2.k3s",
            "openstack_networking_network_v2.external_net",
            "random_password.bootstrap_token_id",
            "random_password.bootstrap_token_secret",
            "random_password.cluster_token"
          ]
        }
      ]
    },
    {
      "module": "module.server",
      "mode": "managed",
      "type": "openstack_networking_floatingip_v2",
      "name": "node",
      "provider": "provider[\"registry.terraform.io/terraform-provider-openstack/openstack\"]",
      "instances": [
        {
          "index_key": 0,
          "schema_version": 0,
          "attributes": {
            "address": "10.0.2.150",
            "all_tags": [],
            "description": "",
            "dns_domain": "",
            "dns_name": "",
            "fixed_ip": "192.168.199.132",
            "id": "ed87a39f-d560-4d33-8d32-893e55946d7d",
            "pool": "external_network",
            "port_id": "5d4b24a2-be1c-4160-9848-c9b9ce3b2701",
            "region": "RegionOne",
            "subnet_id": null,
            "subnet_ids": null,
            "tags": [],
            "tenant_id": "24080e3cdec1432dbd6d1e31091af9a0",
            "timeouts": null,
            "value_specs": null
          },
          "sensitive_attributes": [],
          "private": "eyJlMmJmYjczMC1lY2FhLTExZTYtOGY4OC0zNDM2M2JjN2M0YzAiOnsiY3JlYXRlIjo2MDAwMDAwMDAwMDAsImRlbGV0ZSI6NjAwMDAwMDAwMDAwfX0=",
          "dependencies": [
            "openstack_networking_network_v2.external_net"
          ]
        }
      ]
    },
    {
      "module": "module.server",
      "mode": "managed",
      "type": "openstack_networking_port_v2",
      "name": "mgmt",
      "provider": "provider[\"registry.terraform.io/terraform-provider-openstack/openstack\"]",
      "instances": [
        {
          "schema_version": 0,
          "attributes": {
            "admin_state_up": true,
            "all_fixed_ips": [
              "192.168.199.132"
            ],
            "all_security_group_ids": [
              "b5df1d5e-9042-4a4f-bed8-493b10a7813e"
            ],
            "all_tags": [],
            "allowed_address_pairs": [],
            "binding": [
              {
                "host_id": "vmd112196",
                "profile": "{}",
                "vif_details": {
                  "bound_drivers": "{\"0\":\"openvswitch\"}",
                  "bridge_name": "br-int",
                  "connectivity": "l2",
                  "datapath_type": "system",
                  "ovs_hybrid_plug": "true",
                  "port_filter": "true"
                },
                "vif_type": "ovs",
                "vnic_type": "normal"
              }
            ],
            "description": "",
            "device_id": "c637b88e-0f38-4f4d-8ec0-f10b9345fff8",
            "device_owner": "compute:nova",
            "dns_assignment": [],
            "dns_name": "",
            "extra_dhcp_option": [],
            "fixed_ip": [
              {
                "ip_address": "",
                "subnet_id": "0fe3ae63-a0d5-4ff3-8d38-c693a1d8f99f"
              }
            ],
            "id": "5d4b24a2-be1c-4160-9848-c9b9ce3b2701",
            "mac_address": "fa:16:3e:d2:73:74",
            "name": "k3s-server",
            "network_id": "63dfd088-3f4e-4266-aafb-992f4d1209b2",
            "no_fixed_ip": null,
            "no_security_groups": null,
            "port_security_enabled": true,
            "qos_policy_id": "",
            "region": "RegionOne",
            "security_group_ids": [
              "b5df1d5e-9042-4a4f-bed8-493b10a7813e"
            ],
            "tags": [],
            "tenant_id": "24080e3cdec1432dbd6d1e31091af9a0",
            "timeouts": null,
            "value_specs": null
          },
          "sensitive_attributes": [],
          "private": "eyJlMmJmYjczMC1lY2FhLTExZTYtOGY4OC0zNDM2M2JjN2M0YzAiOnsiY3JlYXRlIjo2MDAwMDAwMDAwMDAsImRlbGV0ZSI6NjAwMDAwMDAwMDAwfX0=",
          "dependencies": [
            "module.secgroup.openstack_networking_secgroup_v2.k3s",
            "openstack_networking_network_v2.kubernetes",
            "openstack_networking_subnet_v2.kubernetes"
          ]
        }
      ]
    }
  ],
  "check_results": null
}
